// !$*UTF8*$!
{
	archiveVersion = 1;
	classes = {
	};
	objectVersion = 46;
	objects = {

/* Begin PBXBuildFile section */
		712F62671B4D56D8004AC1AE /* NIMPRAnnotatePointTool.m in Sources */ = {isa = PBXBuildFile; fileRef = 712F62661B4D56D8004AC1AE /* NIMPRAnnotatePointTool.m */; };
		712F626B1B4D5FC4004AC1AE /* NIAnnotatedGeneratorRequestView.m in Sources */ = {isa = PBXBuildFile; fileRef = 712F626A1B4D5FC4004AC1AE /* NIAnnotatedGeneratorRequestView.m */; };
		712F62731B4D6DC0004AC1AE /* NIAnnotation.m in Sources */ = {isa = PBXBuildFile; fileRef = 712F62721B4D6DC0004AC1AE /* NIAnnotation.m */; };
		712F62761B4D7172004AC1AE /* NIPointAnnotation.m in Sources */ = {isa = PBXBuildFile; fileRef = 712F62751B4D7172004AC1AE /* NIPointAnnotation.m */; };
		712F62791B4EBDB9004AC1AE /* NIEllipseAnnotation.m in Sources */ = {isa = PBXBuildFile; fileRef = 712F62781B4EBDB9004AC1AE /* NIEllipseAnnotation.m */; };
		712F627C1B4ED30E004AC1AE /* NIBezierPathAnnotation.m in Sources */ = {isa = PBXBuildFile; fileRef = 712F627B1B4ED30E004AC1AE /* NIBezierPathAnnotation.m */; };
		712F627F1B4FDB79004AC1AE /* NISegmentAnnotation.m in Sources */ = {isa = PBXBuildFile; fileRef = 712F627E1B4FDB79004AC1AE /* NISegmentAnnotation.m */; };
		712F62821B4FDFFD004AC1AE /* NIMPRAnnotateTool.m in Sources */ = {isa = PBXBuildFile; fileRef = 712F62811B4FDFFD004AC1AE /* NIMPRAnnotateTool.m */; };
		712F62851B50076E004AC1AE /* NIMPRAnnotateSegmentTool.m in Sources */ = {isa = PBXBuildFile; fileRef = 712F62841B50076E004AC1AE /* NIMPRAnnotateSegmentTool.m */; };
		712F62881B5040F8004AC1AE /* NIMPRAnnotateEllipseTool.m in Sources */ = {isa = PBXBuildFile; fileRef = 712F62871B5040F8004AC1AE /* NIMPRAnnotateEllipseTool.m */; };
		713341251B146EE50014CE09 /* NIMPRController+Toolbar.m in Sources */ = {isa = PBXBuildFile; fileRef = 713341231B146EE50014CE09 /* NIMPRController+Toolbar.m */; };
		7133412A1B147DF50014CE09 /* NIMPRWLWWTool.m in Sources */ = {isa = PBXBuildFile; fileRef = 713341291B147DF50014CE09 /* NIMPRWLWWTool.m */; };
		7133412D1B147E0A0014CE09 /* NIMPRTool.m in Sources */ = {isa = PBXBuildFile; fileRef = 7133412C1B147E0A0014CE09 /* NIMPRTool.m */; };
		713341301B147E360014CE09 /* NIMPRMoveTool.m in Sources */ = {isa = PBXBuildFile; fileRef = 7133412F1B147E360014CE09 /* NIMPRMoveTool.m */; };
		713341331B147E810014CE09 /* NIMPRZoomTool.m in Sources */ = {isa = PBXBuildFile; fileRef = 713341321B147E810014CE09 /* NIMPRZoomTool.m */; };
		713341361B147E910014CE09 /* NIMPRRotateTool.m in Sources */ = {isa = PBXBuildFile; fileRef = 713341351B147E910014CE09 /* NIMPRRotateTool.m */; };
		713341401B15A4FA0014CE09 /* NIMPRView+Events.m in Sources */ = {isa = PBXBuildFile; fileRef = 7133413F1B15A4FA0014CE09 /* NIMPRView+Events.m */; };
		713341441B15F3000014CE09 /* +NIMPR.m in Sources */ = {isa = PBXBuildFile; fileRef = 713341431B15F3000014CE09 /* +NIMPR.m */; };
		713341461B163E500014CE09 /* NIMPR.xib in Resources */ = {isa = PBXBuildFile; fileRef = 713341451B163E500014CE09 /* NIMPR.xib */; };
		714D19C51B53A81100EBA644 /* NIMaskAnnotation.m in Sources */ = {isa = PBXBuildFile; fileRef = 714D19C41B53A81100EBA644 /* NIMaskAnnotation.m */; };
		714D19C91B53C42100EBA644 /* NIRectangleAnnotation.m in Sources */ = {isa = PBXBuildFile; fileRef = 714D19C81B53C42100EBA644 /* NIRectangleAnnotation.m */; };
		714D19CC1B53C8A700EBA644 /* NIMPRAnnotateRectangleTool.m in Sources */ = {isa = PBXBuildFile; fileRef = 714D19CB1B53C8A700EBA644 /* NIMPRAnnotateRectangleTool.m */; };
		714D19CF1B54010400EBA644 /* NIImageAnnotation.m in Sources */ = {isa = PBXBuildFile; fileRef = 714D19CE1B54010400EBA644 /* NIImageAnnotation.m */; };
		714D19D31B564FD300EBA644 /* NIMPRAnnotationInteractionTool.m in Sources */ = {isa = PBXBuildFile; fileRef = 714D19D21B564FD300EBA644 /* NIMPRAnnotationInteractionTool.m */; };
		714D19DA1B57F5AC00EBA644 /* NSBezierPath+NIMPR.m in Sources */ = {isa = PBXBuildFile; fileRef = 714D19D91B57F5AC00EBA644 /* NSBezierPath+NIMPR.m */; };
		719473611B1D9802009363AE /* NIMPR.m in Sources */ = {isa = PBXBuildFile; fileRef = 719473601B1D9802009363AE /* NIMPR.m */; };
		7194736A1B1D9C68009363AE /* NIBuildingBlocks.framework in Frameworks */ = {isa = PBXBuildFile; fileRef = 719473691B1D9C68009363AE /* NIBuildingBlocks.framework */; };
		719CC51E1B0B1BBC00DC1ED5 /* NIMPRController.m in Sources */ = {isa = PBXBuildFile; fileRef = 719CC51D1B0B1BBC00DC1ED5 /* NIMPRController.m */; };
		719CC5261B0B1C2800DC1ED5 /* NIMPRView.m in Sources */ = {isa = PBXBuildFile; fileRef = 719CC5251B0B1C2800DC1ED5 /* NIMPRView.m */; };
		719CC52E1B0B21A900DC1ED5 /* OpenGL.framework in Frameworks */ = {isa = PBXBuildFile; fileRef = 719CC52D1B0B21A900DC1ED5 /* OpenGL.framework */; };
		719CC52F1B0B21BA00DC1ED5 /* Cocoa.framework in Frameworks */ = {isa = PBXBuildFile; fileRef = 719CC5291B0B216D00DC1ED5 /* Cocoa.framework */; };
		719CC5311B0B222100DC1ED5 /* Foundation.framework in Frameworks */ = {isa = PBXBuildFile; fileRef = 719CC5301B0B222100DC1ED5 /* Foundation.framework */; };
		719CC5331B0B222900DC1ED5 /* OsiriXAPI.framework in Frameworks */ = {isa = PBXBuildFile; fileRef = 719CC5321B0B222900DC1ED5 /* OsiriXAPI.framework */; };
		719CC53A1B0CC17000DC1ED5 /* NIMPRQuaternion.mm in Sources */ = {isa = PBXBuildFile; fileRef = 719CC5391B0CC17000DC1ED5 /* NIMPRQuaternion.mm */; };
		719CC53E1B0E039E00DC1ED5 /* NSMenu+NIMPR.m in Sources */ = {isa = PBXBuildFile; fileRef = 719CC53D1B0E039E00DC1ED5 /* NSMenu+NIMPR.m */; };
		719CC54A1B1449ED00DC1ED5 /* Images.xcassets in Resources */ = {isa = PBXBuildFile; fileRef = 719CC5491B1449ED00DC1ED5 /* Images.xcassets */; };
		719D02AA1AC1D367002F76C1 /* NIMPRPlugin.m in Sources */ = {isa = PBXBuildFile; fileRef = 719D02A91AC1D367002F76C1 /* NIMPRPlugin.m */; };
		71B249301B18886F00F8E0AD /* NIMPRWindow.m in Sources */ = {isa = PBXBuildFile; fileRef = 71B2492F1B18886F00F8E0AD /* NIMPRWindow.m */; };
		71FD92321B5E750C0041E95F /* NIMPRAnnotationHandleInteractionTool.m in Sources */ = {isa = PBXBuildFile; fileRef = 71FD92311B5E750C0041E95F /* NIMPRAnnotationHandleInteractionTool.m */; };
		71FD92361B5E7FC90041E95F /* NIAnnotationHandle.m in Sources */ = {isa = PBXBuildFile; fileRef = 71FD92351B5E7FC90041E95F /* NIAnnotationHandle.m */; };
		71FD92391B5EA0310041E95F /* NIMPRAnnotatePolyTool.m in Sources */ = {isa = PBXBuildFile; fileRef = 71FD92381B5EA0310041E95F /* NIMPRAnnotatePolyTool.m */; };
		71FD923C1B5EA04D0041E95F /* NIPolyAnnotation.m in Sources */ = {isa = PBXBuildFile; fileRef = 71FD923B1B5EA04D0041E95F /* NIPolyAnnotation.m */; };
/* End PBXBuildFile section */

/* Begin PBXContainerItemProxy section */
		7136DDE11B44388800D866E8 /* PBXContainerItemProxy */ = {
			isa = PBXContainerItemProxy;
			containerPortal = 7194736B1B1D9CA5009363AE /* NIBuildingBlocks.xcodeproj */;
			proxyType = 2;
			remoteGlobalIDString = 4F151EDB1B1CC8D000C8F767;
			remoteInfo = NIBuildingBlocks;
		};
/* End PBXContainerItemProxy section */

/* Begin PBXFileReference section */
		712F62651B4D56D8004AC1AE /* NIMPRAnnotatePointTool.h */ = {isa = PBXFileReference; fileEncoding = 4; lastKnownFileType = sourcecode.c.h; path = NIMPRAnnotatePointTool.h; sourceTree = "<group>"; };
		712F62661B4D56D8004AC1AE /* NIMPRAnnotatePointTool.m */ = {isa = PBXFileReference; fileEncoding = 4; lastKnownFileType = sourcecode.c.objc; path = NIMPRAnnotatePointTool.m; sourceTree = "<group>"; };
		712F62691B4D5FC4004AC1AE /* NIAnnotatedGeneratorRequestView.h */ = {isa = PBXFileReference; fileEncoding = 4; lastKnownFileType = sourcecode.c.h; path = NIAnnotatedGeneratorRequestView.h; sourceTree = "<group>"; };
		712F626A1B4D5FC4004AC1AE /* NIAnnotatedGeneratorRequestView.m */ = {isa = PBXFileReference; fileEncoding = 4; lastKnownFileType = sourcecode.c.objc; path = NIAnnotatedGeneratorRequestView.m; sourceTree = "<group>"; };
		712F62711B4D6DC0004AC1AE /* NIAnnotation.h */ = {isa = PBXFileReference; fileEncoding = 4; lastKnownFileType = sourcecode.c.h; path = NIAnnotation.h; sourceTree = "<group>"; };
		712F62721B4D6DC0004AC1AE /* NIAnnotation.m */ = {isa = PBXFileReference; fileEncoding = 4; lastKnownFileType = sourcecode.c.objc; path = NIAnnotation.m; sourceTree = "<group>"; };
		712F62741B4D7172004AC1AE /* NIPointAnnotation.h */ = {isa = PBXFileReference; fileEncoding = 4; lastKnownFileType = sourcecode.c.h; path = NIPointAnnotation.h; sourceTree = "<group>"; };
		712F62751B4D7172004AC1AE /* NIPointAnnotation.m */ = {isa = PBXFileReference; fileEncoding = 4; lastKnownFileType = sourcecode.c.objc; path = NIPointAnnotation.m; sourceTree = "<group>"; };
		712F62771B4EBDB9004AC1AE /* NIEllipseAnnotation.h */ = {isa = PBXFileReference; fileEncoding = 4; lastKnownFileType = sourcecode.c.h; path = NIEllipseAnnotation.h; sourceTree = "<group>"; };
		712F62781B4EBDB9004AC1AE /* NIEllipseAnnotation.m */ = {isa = PBXFileReference; fileEncoding = 4; lastKnownFileType = sourcecode.c.objc; path = NIEllipseAnnotation.m; sourceTree = "<group>"; };
		712F627A1B4ED30E004AC1AE /* NIBezierPathAnnotation.h */ = {isa = PBXFileReference; fileEncoding = 4; lastKnownFileType = sourcecode.c.h; path = NIBezierPathAnnotation.h; sourceTree = "<group>"; };
		712F627B1B4ED30E004AC1AE /* NIBezierPathAnnotation.m */ = {isa = PBXFileReference; fileEncoding = 4; lastKnownFileType = sourcecode.c.objc; path = NIBezierPathAnnotation.m; sourceTree = "<group>"; };
		712F627D1B4FDB79004AC1AE /* NISegmentAnnotation.h */ = {isa = PBXFileReference; fileEncoding = 4; lastKnownFileType = sourcecode.c.h; path = NISegmentAnnotation.h; sourceTree = "<group>"; };
		712F627E1B4FDB79004AC1AE /* NISegmentAnnotation.m */ = {isa = PBXFileReference; fileEncoding = 4; lastKnownFileType = sourcecode.c.objc; path = NISegmentAnnotation.m; sourceTree = "<group>"; };
		712F62801B4FDFFD004AC1AE /* NIMPRAnnotateTool.h */ = {isa = PBXFileReference; fileEncoding = 4; lastKnownFileType = sourcecode.c.h; path = NIMPRAnnotateTool.h; sourceTree = "<group>"; };
		712F62811B4FDFFD004AC1AE /* NIMPRAnnotateTool.m */ = {isa = PBXFileReference; fileEncoding = 4; lastKnownFileType = sourcecode.c.objc; path = NIMPRAnnotateTool.m; sourceTree = "<group>"; };
		712F62831B50076E004AC1AE /* NIMPRAnnotateSegmentTool.h */ = {isa = PBXFileReference; fileEncoding = 4; lastKnownFileType = sourcecode.c.h; path = NIMPRAnnotateSegmentTool.h; sourceTree = "<group>"; };
		712F62841B50076E004AC1AE /* NIMPRAnnotateSegmentTool.m */ = {isa = PBXFileReference; fileEncoding = 4; lastKnownFileType = sourcecode.c.objc; path = NIMPRAnnotateSegmentTool.m; sourceTree = "<group>"; };
		712F62861B5040F8004AC1AE /* NIMPRAnnotateEllipseTool.h */ = {isa = PBXFileReference; fileEncoding = 4; lastKnownFileType = sourcecode.c.h; path = NIMPRAnnotateEllipseTool.h; sourceTree = "<group>"; };
		712F62871B5040F8004AC1AE /* NIMPRAnnotateEllipseTool.m */ = {isa = PBXFileReference; fileEncoding = 4; lastKnownFileType = sourcecode.c.objc; path = NIMPRAnnotateEllipseTool.m; sourceTree = "<group>"; };
		713341221B146EE50014CE09 /* NIMPRController+Toolbar.h */ = {isa = PBXFileReference; fileEncoding = 4; lastKnownFileType = sourcecode.c.h; path = "NIMPRController+Toolbar.h"; sourceTree = "<group>"; };
		713341231B146EE50014CE09 /* NIMPRController+Toolbar.m */ = {isa = PBXFileReference; fileEncoding = 4; lastKnownFileType = sourcecode.c.objc; path = "NIMPRController+Toolbar.m"; sourceTree = "<group>"; };
		713341281B147DF50014CE09 /* NIMPRWLWWTool.h */ = {isa = PBXFileReference; fileEncoding = 4; lastKnownFileType = sourcecode.c.h; path = NIMPRWLWWTool.h; sourceTree = "<group>"; };
		713341291B147DF50014CE09 /* NIMPRWLWWTool.m */ = {isa = PBXFileReference; fileEncoding = 4; lastKnownFileType = sourcecode.c.objc; path = NIMPRWLWWTool.m; sourceTree = "<group>"; };
		7133412B1B147E0A0014CE09 /* NIMPRTool.h */ = {isa = PBXFileReference; fileEncoding = 4; lastKnownFileType = sourcecode.c.h; path = NIMPRTool.h; sourceTree = "<group>"; };
		7133412C1B147E0A0014CE09 /* NIMPRTool.m */ = {isa = PBXFileReference; fileEncoding = 4; lastKnownFileType = sourcecode.c.objc; path = NIMPRTool.m; sourceTree = "<group>"; };
		7133412E1B147E360014CE09 /* NIMPRMoveTool.h */ = {isa = PBXFileReference; fileEncoding = 4; lastKnownFileType = sourcecode.c.h; path = NIMPRMoveTool.h; sourceTree = "<group>"; };
		7133412F1B147E360014CE09 /* NIMPRMoveTool.m */ = {isa = PBXFileReference; fileEncoding = 4; lastKnownFileType = sourcecode.c.objc; path = NIMPRMoveTool.m; sourceTree = "<group>"; };
		713341311B147E810014CE09 /* NIMPRZoomTool.h */ = {isa = PBXFileReference; fileEncoding = 4; lastKnownFileType = sourcecode.c.h; path = NIMPRZoomTool.h; sourceTree = "<group>"; };
		713341321B147E810014CE09 /* NIMPRZoomTool.m */ = {isa = PBXFileReference; fileEncoding = 4; lastKnownFileType = sourcecode.c.objc; path = NIMPRZoomTool.m; sourceTree = "<group>"; };
		713341341B147E910014CE09 /* NIMPRRotateTool.h */ = {isa = PBXFileReference; fileEncoding = 4; lastKnownFileType = sourcecode.c.h; path = NIMPRRotateTool.h; sourceTree = "<group>"; };
		713341351B147E910014CE09 /* NIMPRRotateTool.m */ = {isa = PBXFileReference; fileEncoding = 4; lastKnownFileType = sourcecode.c.objc; path = NIMPRRotateTool.m; sourceTree = "<group>"; };
		713341371B1483B90014CE09 /* NIMPRController+Private.h */ = {isa = PBXFileReference; lastKnownFileType = sourcecode.c.h; path = "NIMPRController+Private.h"; sourceTree = "<group>"; };
		7133413E1B15A4FA0014CE09 /* NIMPRView+Events.h */ = {isa = PBXFileReference; fileEncoding = 4; lastKnownFileType = sourcecode.c.h; path = "NIMPRView+Events.h"; sourceTree = "<group>"; };
		7133413F1B15A4FA0014CE09 /* NIMPRView+Events.m */ = {isa = PBXFileReference; fileEncoding = 4; lastKnownFileType = sourcecode.c.objc; path = "NIMPRView+Events.m"; sourceTree = "<group>"; };
		713341411B15A8C90014CE09 /* NIMPRView+Private.h */ = {isa = PBXFileReference; lastKnownFileType = sourcecode.c.h; path = "NIMPRView+Private.h"; sourceTree = "<group>"; };
		713341421B15F3000014CE09 /* +NIMPR.h */ = {isa = PBXFileReference; fileEncoding = 4; lastKnownFileType = sourcecode.c.h; path = "+NIMPR.h"; sourceTree = "<group>"; };
		713341431B15F3000014CE09 /* +NIMPR.m */ = {isa = PBXFileReference; fileEncoding = 4; lastKnownFileType = sourcecode.c.objc; path = "+NIMPR.m"; sourceTree = "<group>"; };
		713341451B163E500014CE09 /* NIMPR.xib */ = {isa = PBXFileReference; fileEncoding = 4; lastKnownFileType = file.xib; name = NIMPR.xib; path = ../Resources/NIMPR.xib; sourceTree = "<group>"; };
		714D19C31B53A81100EBA644 /* NIMaskAnnotation.h */ = {isa = PBXFileReference; fileEncoding = 4; lastKnownFileType = sourcecode.c.h; path = NIMaskAnnotation.h; sourceTree = "<group>"; };
		714D19C41B53A81100EBA644 /* NIMaskAnnotation.m */ = {isa = PBXFileReference; fileEncoding = 4; lastKnownFileType = sourcecode.c.objc; path = NIMaskAnnotation.m; sourceTree = "<group>"; };
		714D19C71B53C42100EBA644 /* NIRectangleAnnotation.h */ = {isa = PBXFileReference; fileEncoding = 4; lastKnownFileType = sourcecode.c.h; path = NIRectangleAnnotation.h; sourceTree = "<group>"; };
		714D19C81B53C42100EBA644 /* NIRectangleAnnotation.m */ = {isa = PBXFileReference; fileEncoding = 4; lastKnownFileType = sourcecode.c.objc; path = NIRectangleAnnotation.m; sourceTree = "<group>"; };
		714D19CA1B53C8A700EBA644 /* NIMPRAnnotateRectangleTool.h */ = {isa = PBXFileReference; fileEncoding = 4; lastKnownFileType = sourcecode.c.h; path = NIMPRAnnotateRectangleTool.h; sourceTree = "<group>"; };
		714D19CB1B53C8A700EBA644 /* NIMPRAnnotateRectangleTool.m */ = {isa = PBXFileReference; fileEncoding = 4; lastKnownFileType = sourcecode.c.objc; path = NIMPRAnnotateRectangleTool.m; sourceTree = "<group>"; };
		714D19CD1B54010400EBA644 /* NIImageAnnotation.h */ = {isa = PBXFileReference; fileEncoding = 4; lastKnownFileType = sourcecode.c.h; path = NIImageAnnotation.h; sourceTree = "<group>"; };
		714D19CE1B54010400EBA644 /* NIImageAnnotation.m */ = {isa = PBXFileReference; fileEncoding = 4; lastKnownFileType = sourcecode.c.objc; path = NIImageAnnotation.m; sourceTree = "<group>"; };
		714D19D11B564FD300EBA644 /* NIMPRAnnotationInteractionTool.h */ = {isa = PBXFileReference; fileEncoding = 4; lastKnownFileType = sourcecode.c.h; path = NIMPRAnnotationInteractionTool.h; sourceTree = "<group>"; };
		714D19D21B564FD300EBA644 /* NIMPRAnnotationInteractionTool.m */ = {isa = PBXFileReference; fileEncoding = 4; lastKnownFileType = sourcecode.c.objc; path = NIMPRAnnotationInteractionTool.m; sourceTree = "<group>"; };
		714D19D81B57F5AB00EBA644 /* NSBezierPath+NIMPR.h */ = {isa = PBXFileReference; fileEncoding = 4; lastKnownFileType = sourcecode.c.h; path = "NSBezierPath+NIMPR.h"; sourceTree = "<group>"; };
		714D19D91B57F5AC00EBA644 /* NSBezierPath+NIMPR.m */ = {isa = PBXFileReference; fileEncoding = 4; lastKnownFileType = sourcecode.c.objc; path = "NSBezierPath+NIMPR.m"; sourceTree = "<group>"; };
		7194735F1B1D9802009363AE /* NIMPR.h */ = {isa = PBXFileReference; fileEncoding = 4; lastKnownFileType = sourcecode.c.h; path = NIMPR.h; sourceTree = "<group>"; };
		719473601B1D9802009363AE /* NIMPR.m */ = {isa = PBXFileReference; fileEncoding = 4; lastKnownFileType = sourcecode.c.objc; path = NIMPR.m; sourceTree = "<group>"; };
		719473621B1D9883009363AE /* NIMPR+Private.h */ = {isa = PBXFileReference; lastKnownFileType = sourcecode.c.h; path = "NIMPR+Private.h"; sourceTree = "<group>"; };
		719473691B1D9C68009363AE /* NIBuildingBlocks.framework */ = {isa = PBXFileReference; lastKnownFileType = wrapper.framework; name = NIBuildingBlocks.framework; path = "../spalte-nibb/build/NIBuildingBlocks/Build/Products/Debug/NIBuildingBlocks.framework"; sourceTree = "<group>"; };
		7194736B1B1D9CA5009363AE /* NIBuildingBlocks.xcodeproj */ = {isa = PBXFileReference; lastKnownFileType = "wrapper.pb-project"; path = NIBuildingBlocks.xcodeproj; sourceTree = SOURCE_ROOT; };
		719CC51C1B0B1BBC00DC1ED5 /* NIMPRController.h */ = {isa = PBXFileReference; fileEncoding = 4; lastKnownFileType = sourcecode.c.h; path = NIMPRController.h; sourceTree = "<group>"; };
		719CC51D1B0B1BBC00DC1ED5 /* NIMPRController.m */ = {isa = PBXFileReference; fileEncoding = 4; lastKnownFileType = sourcecode.c.objc; path = NIMPRController.m; sourceTree = "<group>"; };
		719CC5241B0B1C2800DC1ED5 /* NIMPRView.h */ = {isa = PBXFileReference; fileEncoding = 4; lastKnownFileType = sourcecode.c.h; path = NIMPRView.h; sourceTree = "<group>"; };
		719CC5251B0B1C2800DC1ED5 /* NIMPRView.m */ = {isa = PBXFileReference; fileEncoding = 4; lastKnownFileType = sourcecode.c.objc; path = NIMPRView.m; sourceTree = "<group>"; };
		719CC5291B0B216D00DC1ED5 /* Cocoa.framework */ = {isa = PBXFileReference; lastKnownFileType = wrapper.framework; name = Cocoa.framework; path = System/Library/Frameworks/Cocoa.framework; sourceTree = SDKROOT; };
		719CC52D1B0B21A900DC1ED5 /* OpenGL.framework */ = {isa = PBXFileReference; lastKnownFileType = wrapper.framework; name = OpenGL.framework; path = System/Library/Frameworks/OpenGL.framework; sourceTree = SDKROOT; };
		719CC5301B0B222100DC1ED5 /* Foundation.framework */ = {isa = PBXFileReference; lastKnownFileType = wrapper.framework; name = Foundation.framework; path = ../../../../System/Library/Frameworks/Foundation.framework; sourceTree = "<group>"; };
		719CC5321B0B222900DC1ED5 /* OsiriXAPI.framework */ = {isa = PBXFileReference; lastKnownFileType = wrapper.framework; name = OsiriXAPI.framework; path = ../osirix/build/Development/OsiriXAPI.framework; sourceTree = "<group>"; };
		719CC5341B0B226E00DC1ED5 /* NIMPR.pch */ = {isa = PBXFileReference; lastKnownFileType = sourcecode.c.h; name = NIMPR.pch; path = NIMPR/Sources/NIMPR.pch; sourceTree = "<group>"; };
		719CC5381B0CC17000DC1ED5 /* NIMPRQuaternion.h */ = {isa = PBXFileReference; fileEncoding = 4; lastKnownFileType = sourcecode.c.h; path = NIMPRQuaternion.h; sourceTree = "<group>"; };
		719CC5391B0CC17000DC1ED5 /* NIMPRQuaternion.mm */ = {isa = PBXFileReference; fileEncoding = 4; lastKnownFileType = sourcecode.cpp.objcpp; path = NIMPRQuaternion.mm; sourceTree = "<group>"; };
		719CC53C1B0E039E00DC1ED5 /* NSMenu+NIMPR.h */ = {isa = PBXFileReference; fileEncoding = 4; lastKnownFileType = sourcecode.c.h; path = "NSMenu+NIMPR.h"; sourceTree = "<group>"; };
		719CC53D1B0E039E00DC1ED5 /* NSMenu+NIMPR.m */ = {isa = PBXFileReference; fileEncoding = 4; lastKnownFileType = sourcecode.c.objc; path = "NSMenu+NIMPR.m"; sourceTree = "<group>"; };
		719CC5491B1449ED00DC1ED5 /* Images.xcassets */ = {isa = PBXFileReference; lastKnownFileType = folder.assetcatalog; path = Images.xcassets; sourceTree = "<group>"; };
		719D029E1AC1CB25002F76C1 /* NIMPR.osirixplugin */ = {isa = PBXFileReference; explicitFileType = wrapper.cfbundle; includeInIndex = 0; path = NIMPR.osirixplugin; sourceTree = BUILT_PRODUCTS_DIR; };
		719D02A21AC1CB25002F76C1 /* Info.plist */ = {isa = PBXFileReference; lastKnownFileType = text.plist.xml; name = Info.plist; path = NIMPR/Resources/Info.plist; sourceTree = "<group>"; };
		719D02A81AC1D367002F76C1 /* NIMPRPlugin.h */ = {isa = PBXFileReference; fileEncoding = 4; lastKnownFileType = sourcecode.c.h; path = NIMPRPlugin.h; sourceTree = "<group>"; };
		719D02A91AC1D367002F76C1 /* NIMPRPlugin.m */ = {isa = PBXFileReference; fileEncoding = 4; lastKnownFileType = sourcecode.c.objc; path = NIMPRPlugin.m; sourceTree = "<group>"; };
		71B2492E1B18886F00F8E0AD /* NIMPRWindow.h */ = {isa = PBXFileReference; fileEncoding = 4; lastKnownFileType = sourcecode.c.h; path = NIMPRWindow.h; sourceTree = "<group>"; };
		71B2492F1B18886F00F8E0AD /* NIMPRWindow.m */ = {isa = PBXFileReference; fileEncoding = 4; lastKnownFileType = sourcecode.c.objc; path = NIMPRWindow.m; sourceTree = "<group>"; };
		71FD92301B5E750C0041E95F /* NIMPRAnnotationHandleInteractionTool.h */ = {isa = PBXFileReference; fileEncoding = 4; lastKnownFileType = sourcecode.c.h; path = NIMPRAnnotationHandleInteractionTool.h; sourceTree = "<group>"; };
		71FD92311B5E750C0041E95F /* NIMPRAnnotationHandleInteractionTool.m */ = {isa = PBXFileReference; fileEncoding = 4; lastKnownFileType = sourcecode.c.objc; path = NIMPRAnnotationHandleInteractionTool.m; sourceTree = "<group>"; };
		71FD92341B5E7FC90041E95F /* NIAnnotationHandle.h */ = {isa = PBXFileReference; fileEncoding = 4; lastKnownFileType = sourcecode.c.h; path = NIAnnotationHandle.h; sourceTree = "<group>"; };
		71FD92351B5E7FC90041E95F /* NIAnnotationHandle.m */ = {isa = PBXFileReference; fileEncoding = 4; lastKnownFileType = sourcecode.c.objc; path = NIAnnotationHandle.m; sourceTree = "<group>"; };
		71FD92371B5EA0310041E95F /* NIMPRAnnotatePolyTool.h */ = {isa = PBXFileReference; fileEncoding = 4; lastKnownFileType = sourcecode.c.h; path = NIMPRAnnotatePolyTool.h; sourceTree = "<group>"; };
		71FD92381B5EA0310041E95F /* NIMPRAnnotatePolyTool.m */ = {isa = PBXFileReference; fileEncoding = 4; lastKnownFileType = sourcecode.c.objc; path = NIMPRAnnotatePolyTool.m; sourceTree = "<group>"; };
		71FD923A1B5EA04D0041E95F /* NIPolyAnnotation.h */ = {isa = PBXFileReference; fileEncoding = 4; lastKnownFileType = sourcecode.c.h; path = NIPolyAnnotation.h; sourceTree = "<group>"; };
		71FD923B1B5EA04D0041E95F /* NIPolyAnnotation.m */ = {isa = PBXFileReference; fileEncoding = 4; lastKnownFileType = sourcecode.c.objc; path = NIPolyAnnotation.m; sourceTree = "<group>"; };
		71FD923D1B5EDBE10041E95F /* NIMPRTool+Private.h */ = {isa = PBXFileReference; lastKnownFileType = sourcecode.c.h; path = "NIMPRTool+Private.h"; sourceTree = "<group>"; };
/* End PBXFileReference section */

/* Begin PBXFrameworksBuildPhase section */
		719D029B1AC1CB25002F76C1 /* Frameworks */ = {
			isa = PBXFrameworksBuildPhase;
			buildActionMask = 2147483647;
			files = (
				719CC52F1B0B21BA00DC1ED5 /* Cocoa.framework in Frameworks */,
				719CC5311B0B222100DC1ED5 /* Foundation.framework in Frameworks */,
				719CC52E1B0B21A900DC1ED5 /* OpenGL.framework in Frameworks */,
				719CC5331B0B222900DC1ED5 /* OsiriXAPI.framework in Frameworks */,
				7194736A1B1D9C68009363AE /* NIBuildingBlocks.framework in Frameworks */,
			);
			runOnlyForDeploymentPostprocessing = 0;
		};
/* End PBXFrameworksBuildPhase section */

/* Begin PBXGroup section */
		711575451B3C62BD00AC2B90 /* Sources */ = {
			isa = PBXGroup;
			children = (
				719473621B1D9883009363AE /* NIMPR+Private.h */,
				7194735F1B1D9802009363AE /* NIMPR.h */,
				719473601B1D9802009363AE /* NIMPR.m */,
				719D02A81AC1D367002F76C1 /* NIMPRPlugin.h */,
				719D02A91AC1D367002F76C1 /* NIMPRPlugin.m */,
				713341451B163E500014CE09 /* NIMPR.xib */,
				71B2492E1B18886F00F8E0AD /* NIMPRWindow.h */,
				71B2492F1B18886F00F8E0AD /* NIMPRWindow.m */,
				713341371B1483B90014CE09 /* NIMPRController+Private.h */,
				719CC51C1B0B1BBC00DC1ED5 /* NIMPRController.h */,
				719CC51D1B0B1BBC00DC1ED5 /* NIMPRController.m */,
				713341221B146EE50014CE09 /* NIMPRController+Toolbar.h */,
				713341231B146EE50014CE09 /* NIMPRController+Toolbar.m */,
				713341411B15A8C90014CE09 /* NIMPRView+Private.h */,
				719CC5241B0B1C2800DC1ED5 /* NIMPRView.h */,
				719CC5251B0B1C2800DC1ED5 /* NIMPRView.m */,
				7133413E1B15A4FA0014CE09 /* NIMPRView+Events.h */,
				7133413F1B15A4FA0014CE09 /* NIMPRView+Events.m */,
				712F626C1B4D5FC8004AC1AE /* Annotations */,
				713341271B147D9D0014CE09 /* Tools */,
				714D19D41B57F46100EBA644 /* Extras */,
			);
			name = Sources;
			path = NIMPR/Sources;
			sourceTree = "<group>";
		};
		712F626C1B4D5FC8004AC1AE /* Annotations */ = {
			isa = PBXGroup;
			children = (
				712F62691B4D5FC4004AC1AE /* NIAnnotatedGeneratorRequestView.h */,
				712F626A1B4D5FC4004AC1AE /* NIAnnotatedGeneratorRequestView.m */,
				712F62711B4D6DC0004AC1AE /* NIAnnotation.h */,
				712F62721B4D6DC0004AC1AE /* NIAnnotation.m */,
				71FD92341B5E7FC90041E95F /* NIAnnotationHandle.h */,
				71FD92351B5E7FC90041E95F /* NIAnnotationHandle.m */,
				712F62741B4D7172004AC1AE /* NIPointAnnotation.h */,
				712F62751B4D7172004AC1AE /* NIPointAnnotation.m */,
				712F627D1B4FDB79004AC1AE /* NISegmentAnnotation.h */,
				712F627E1B4FDB79004AC1AE /* NISegmentAnnotation.m */,
				71FD923A1B5EA04D0041E95F /* NIPolyAnnotation.h */,
				71FD923B1B5EA04D0041E95F /* NIPolyAnnotation.m */,
				714D19C31B53A81100EBA644 /* NIMaskAnnotation.h */,
				714D19C41B53A81100EBA644 /* NIMaskAnnotation.m */,
				714D19CD1B54010400EBA644 /* NIImageAnnotation.h */,
				714D19CE1B54010400EBA644 /* NIImageAnnotation.m */,
				712F627A1B4ED30E004AC1AE /* NIBezierPathAnnotation.h */,
				712F627B1B4ED30E004AC1AE /* NIBezierPathAnnotation.m */,
				714D19C71B53C42100EBA644 /* NIRectangleAnnotation.h */,
				714D19C81B53C42100EBA644 /* NIRectangleAnnotation.m */,
				712F62771B4EBDB9004AC1AE /* NIEllipseAnnotation.h */,
				712F62781B4EBDB9004AC1AE /* NIEllipseAnnotation.m */,
			);
			name = Annotations;
			sourceTree = "<group>";
		};
		713341271B147D9D0014CE09 /* Tools */ = {
			isa = PBXGroup;
			children = (
				71FD923D1B5EDBE10041E95F /* NIMPRTool+Private.h */,
				7133412B1B147E0A0014CE09 /* NIMPRTool.h */,
				7133412C1B147E0A0014CE09 /* NIMPRTool.m */,
				713341281B147DF50014CE09 /* NIMPRWLWWTool.h */,
				713341291B147DF50014CE09 /* NIMPRWLWWTool.m */,
				7133412E1B147E360014CE09 /* NIMPRMoveTool.h */,
				7133412F1B147E360014CE09 /* NIMPRMoveTool.m */,
				713341311B147E810014CE09 /* NIMPRZoomTool.h */,
				713341321B147E810014CE09 /* NIMPRZoomTool.m */,
				713341341B147E910014CE09 /* NIMPRRotateTool.h */,
				713341351B147E910014CE09 /* NIMPRRotateTool.m */,
				712F62801B4FDFFD004AC1AE /* NIMPRAnnotateTool.h */,
				712F62811B4FDFFD004AC1AE /* NIMPRAnnotateTool.m */,
				714D19D11B564FD300EBA644 /* NIMPRAnnotationInteractionTool.h */,
				714D19D21B564FD300EBA644 /* NIMPRAnnotationInteractionTool.m */,
				71FD92301B5E750C0041E95F /* NIMPRAnnotationHandleInteractionTool.h */,
				71FD92311B5E750C0041E95F /* NIMPRAnnotationHandleInteractionTool.m */,
				712F62651B4D56D8004AC1AE /* NIMPRAnnotatePointTool.h */,
				712F62661B4D56D8004AC1AE /* NIMPRAnnotatePointTool.m */,
				712F62831B50076E004AC1AE /* NIMPRAnnotateSegmentTool.h */,
				712F62841B50076E004AC1AE /* NIMPRAnnotateSegmentTool.m */,
				71FD92371B5EA0310041E95F /* NIMPRAnnotatePolyTool.h */,
				71FD92381B5EA0310041E95F /* NIMPRAnnotatePolyTool.m */,
				714D19CA1B53C8A700EBA644 /* NIMPRAnnotateRectangleTool.h */,
				714D19CB1B53C8A700EBA644 /* NIMPRAnnotateRectangleTool.m */,
				712F62861B5040F8004AC1AE /* NIMPRAnnotateEllipseTool.h */,
				712F62871B5040F8004AC1AE /* NIMPRAnnotateEllipseTool.m */,
			);
			name = Tools;
			sourceTree = "<group>";
		};
		7136DDDE1B44388600D866E8 /* Products */ = {
			isa = PBXGroup;
			children = (
				7136DDE21B44388800D866E8 /* NIBuildingBlocks.framework */,
			);
			name = Products;
			sourceTree = "<group>";
		};
		714D19D41B57F46100EBA644 /* Extras */ = {
			isa = PBXGroup;
			children = (
				719CC5381B0CC17000DC1ED5 /* NIMPRQuaternion.h */,
				719CC5391B0CC17000DC1ED5 /* NIMPRQuaternion.mm */,
				719CC53C1B0E039E00DC1ED5 /* NSMenu+NIMPR.h */,
				719CC53D1B0E039E00DC1ED5 /* NSMenu+NIMPR.m */,
				713341421B15F3000014CE09 /* +NIMPR.h */,
				713341431B15F3000014CE09 /* +NIMPR.m */,
				714D19D81B57F5AB00EBA644 /* NSBezierPath+NIMPR.h */,
				714D19D91B57F5AC00EBA644 /* NSBezierPath+NIMPR.m */,
			);
			name = Extras;
			sourceTree = "<group>";
		};
		719473791B1DA401009363AE /* Dependencies */ = {
			isa = PBXGroup;
			children = (
				7194736B1B1D9CA5009363AE /* NIBuildingBlocks.xcodeproj */,
			);
			name = Dependencies;
			sourceTree = "<group>";
		};
		719CC52C1B0B218E00DC1ED5 /* Frameworks */ = {
			isa = PBXGroup;
			children = (
				719473691B1D9C68009363AE /* NIBuildingBlocks.framework */,
				719CC5321B0B222900DC1ED5 /* OsiriXAPI.framework */,
				719CC5301B0B222100DC1ED5 /* Foundation.framework */,
				719CC52D1B0B21A900DC1ED5 /* OpenGL.framework */,
				719CC5291B0B216D00DC1ED5 /* Cocoa.framework */,
			);
			name = Frameworks;
			sourceTree = "<group>";
		};
		719CC5461B1449B300DC1ED5 /* Resources */ = {
			isa = PBXGroup;
			children = (
				719CC5491B1449ED00DC1ED5 /* Images.xcassets */,
			);
			name = Resources;
			path = NIMPR/Resources;
			sourceTree = "<group>";
		};
		719D02951AC1CB25002F76C1 = {
			isa = PBXGroup;
			children = (
				719CC5341B0B226E00DC1ED5 /* NIMPR.pch */,
				719D02A21AC1CB25002F76C1 /* Info.plist */,
				711575451B3C62BD00AC2B90 /* Sources */,
				719CC5461B1449B300DC1ED5 /* Resources */,
				719473791B1DA401009363AE /* Dependencies */,
				719CC52C1B0B218E00DC1ED5 /* Frameworks */,
				719D029F1AC1CB25002F76C1 /* Products */,
			);
			sourceTree = "<group>";
		};
		719D029F1AC1CB25002F76C1 /* Products */ = {
			isa = PBXGroup;
			children = (
				719D029E1AC1CB25002F76C1 /* NIMPR.osirixplugin */,
			);
			name = Products;
			sourceTree = "<group>";
		};
/* End PBXGroup section */

/* Begin PBXNativeTarget section */
		719D029D1AC1CB25002F76C1 /* NIMPR */ = {
			isa = PBXNativeTarget;
			buildConfigurationList = 719D02A51AC1CB25002F76C1 /* Build configuration list for PBXNativeTarget "NIMPR" */;
			buildPhases = (
				719D029A1AC1CB25002F76C1 /* Sources */,
				719D029B1AC1CB25002F76C1 /* Frameworks */,
				719D029C1AC1CB25002F76C1 /* Resources */,
				719D02AD1AC1F66D002F76C1 /* Version */,
				719D02AE1AC1F68B002F76C1 /* ZIP */,
			);
			buildRules = (
			);
			dependencies = (
			);
			name = NIMPR;
			productName = DicomSendXMLRPC;
			productReference = 719D029E1AC1CB25002F76C1 /* NIMPR.osirixplugin */;
			productType = "com.apple.product-type.bundle";
		};
/* End PBXNativeTarget section */

/* Begin PBXProject section */
		719D02961AC1CB25002F76C1 /* Project object */ = {
			isa = PBXProject;
			attributes = {
				LastUpgradeCheck = 0640;
				ORGANIZATIONNAME = volz.io;
				TargetAttributes = {
					719D029D1AC1CB25002F76C1 = {
						CreatedOnToolsVersion = 6.2;
					};
				};
			};
			buildConfigurationList = 719D02991AC1CB25002F76C1 /* Build configuration list for PBXProject "NIMPR" */;
			compatibilityVersion = "Xcode 3.2";
			developmentRegion = English;
			hasScannedForEncodings = 0;
			knownRegions = (
				en,
			);
			mainGroup = 719D02951AC1CB25002F76C1;
			productRefGroup = 719D029F1AC1CB25002F76C1 /* Products */;
			projectDirPath = "";
			projectReferences = (
				{
					ProductGroup = 7136DDDE1B44388600D866E8 /* Products */;
					ProjectRef = 7194736B1B1D9CA5009363AE /* NIBuildingBlocks.xcodeproj */;
				},
			);
			projectRoot = "";
			targets = (
				719D029D1AC1CB25002F76C1 /* NIMPR */,
			);
		};
/* End PBXProject section */

/* Begin PBXReferenceProxy section */
		7136DDE21B44388800D866E8 /* NIBuildingBlocks.framework */ = {
			isa = PBXReferenceProxy;
			fileType = wrapper.framework;
			path = NIBuildingBlocks.framework;
			remoteRef = 7136DDE11B44388800D866E8 /* PBXContainerItemProxy */;
			sourceTree = BUILT_PRODUCTS_DIR;
		};
/* End PBXReferenceProxy section */

/* Begin PBXResourcesBuildPhase section */
		719D029C1AC1CB25002F76C1 /* Resources */ = {
			isa = PBXResourcesBuildPhase;
			buildActionMask = 2147483647;
			files = (
				719CC54A1B1449ED00DC1ED5 /* Images.xcassets in Resources */,
				713341461B163E500014CE09 /* NIMPR.xib in Resources */,
			);
			runOnlyForDeploymentPostprocessing = 0;
		};
/* End PBXResourcesBuildPhase section */

/* Begin PBXShellScriptBuildPhase section */
		719D02AD1AC1F66D002F76C1 /* Version */ = {
			isa = PBXShellScriptBuildPhase;
			buildActionMask = 2147483647;
			files = (
			);
			inputPaths = (
			);
			name = Version;
			outputPaths = (
			);
			runOnlyForDeploymentPostprocessing = 0;
			shellPath = /bin/bash;
			shellScript = "cd \"$PROJECT_DIR\"\n\noinfo=\"$PROJECT_DIR/$INFOPLIST_FILE\"\npinfo=\"$BUILT_PRODUCTS_DIR/$FULL_PRODUCT_NAME/Contents/Info.plist\"\n\nversion=$(/usr/libexec/PlistBuddy -c \"Print :CFBundleShortVersionString\" \"$oinfo\")\ndate=$(date +%Y%m%d)\ngitversion=$(/usr/bin/git describe --always --dirty)\nif [ \"$CONFIGURATION\" = \"Debug\" -o \"$CONFIGURATION\" = \"Development\" ]; then\nd='d'\nfi\n\n/usr/libexec/PlistBuddy -c \"Set :CFBundleShortVersionString '$version$d $date-$gitversion'\" \"$pinfo\"";
		};
		719D02AE1AC1F68B002F76C1 /* ZIP */ = {
			isa = PBXShellScriptBuildPhase;
			buildActionMask = 8;
			files = (
			);
			inputPaths = (
			);
			name = ZIP;
			outputPaths = (
			);
			runOnlyForDeploymentPostprocessing = 1;
			shellPath = /bin/bash;
			shellScript = "product=\"$TARGET_BUILD_DIR/$FULL_PRODUCT_NAME\"\npinfo=\"$product/Contents/Info.plist\"\n\nversion=$(/usr/libexec/PlistBuddy -c \"Print :CFBundleShortVersionString\" \"$pinfo\")\nversion=\"${version/ /-}\"\n\nzip=\"$BUILT_PRODUCTS_DIR/$PRODUCT_NAME-$version.zip\"\n\necho \"Zipping $product to $zip\"\n\nrm -Rf \"$zip\"\ncd \"$TARGET_BUILD_DIR\"\nfind \"$FULL_PRODUCT_NAME\" -path '*/.*' -prune -o -type f -print | zip \"$zip\" -@\n\nopen \"$BUILT_PRODUCTS_DIR\"";
		};
/* End PBXShellScriptBuildPhase section */

/* Begin PBXSourcesBuildPhase section */
		719D029A1AC1CB25002F76C1 /* Sources */ = {
			isa = PBXSourcesBuildPhase;
			buildActionMask = 2147483647;
			files = (
				71B249301B18886F00F8E0AD /* NIMPRWindow.m in Sources */,
				7133412D1B147E0A0014CE09 /* NIMPRTool.m in Sources */,
				714D19CC1B53C8A700EBA644 /* NIMPRAnnotateRectangleTool.m in Sources */,
				714D19DA1B57F5AC00EBA644 /* NSBezierPath+NIMPR.m in Sources */,
				714D19CF1B54010400EBA644 /* NIImageAnnotation.m in Sources */,
				719CC53E1B0E039E00DC1ED5 /* NSMenu+NIMPR.m in Sources */,
				71FD92361B5E7FC90041E95F /* NIAnnotationHandle.m in Sources */,
				719D02AA1AC1D367002F76C1 /* NIMPRPlugin.m in Sources */,
				7133412A1B147DF50014CE09 /* NIMPRWLWWTool.m in Sources */,
				719473611B1D9802009363AE /* NIMPR.m in Sources */,
				714D19C91B53C42100EBA644 /* NIRectangleAnnotation.m in Sources */,
				712F627C1B4ED30E004AC1AE /* NIBezierPathAnnotation.m in Sources */,
				719CC5261B0B1C2800DC1ED5 /* NIMPRView.m in Sources */,
				71FD92321B5E750C0041E95F /* NIMPRAnnotationHandleInteractionTool.m in Sources */,
				712F62851B50076E004AC1AE /* NIMPRAnnotateSegmentTool.m in Sources */,
				71FD923C1B5EA04D0041E95F /* NIPolyAnnotation.m in Sources */,
				713341301B147E360014CE09 /* NIMPRMoveTool.m in Sources */,
				713341251B146EE50014CE09 /* NIMPRController+Toolbar.m in Sources */,
				713341401B15A4FA0014CE09 /* NIMPRView+Events.m in Sources */,
				719CC51E1B0B1BBC00DC1ED5 /* NIMPRController.m in Sources */,
				712F62731B4D6DC0004AC1AE /* NIAnnotation.m in Sources */,
				71FD92391B5EA0310041E95F /* NIMPRAnnotatePolyTool.m in Sources */,
				712F62671B4D56D8004AC1AE /* NIMPRAnnotatePointTool.m in Sources */,
				712F62821B4FDFFD004AC1AE /* NIMPRAnnotateTool.m in Sources */,
				719CC53A1B0CC17000DC1ED5 /* NIMPRQuaternion.mm in Sources */,
				713341361B147E910014CE09 /* NIMPRRotateTool.m in Sources */,
				712F62761B4D7172004AC1AE /* NIPointAnnotation.m in Sources */,
				714D19C51B53A81100EBA644 /* NIMaskAnnotation.m in Sources */,
				712F627F1B4FDB79004AC1AE /* NISegmentAnnotation.m in Sources */,
				712F626B1B4D5FC4004AC1AE /* NIAnnotatedGeneratorRequestView.m in Sources */,
				712F62791B4EBDB9004AC1AE /* NIEllipseAnnotation.m in Sources */,
				712F62881B5040F8004AC1AE /* NIMPRAnnotateEllipseTool.m in Sources */,
				713341331B147E810014CE09 /* NIMPRZoomTool.m in Sources */,
				714D19D31B564FD300EBA644 /* NIMPRAnnotationInteractionTool.m in Sources */,
				713341441B15F3000014CE09 /* +NIMPR.m in Sources */,
			);
			runOnlyForDeploymentPostprocessing = 0;
		};
/* End PBXSourcesBuildPhase section */

/* Begin XCBuildConfiguration section */
		719D02A31AC1CB25002F76C1 /* Debug */ = {
			isa = XCBuildConfiguration;
			buildSettings = {
				ALWAYS_SEARCH_USER_PATHS = NO;
				ARCHS = "$(ARCHS_STANDARD_32_64_BIT)";
				CLANG_CXX_LANGUAGE_STANDARD = "gnu++0x";
				CLANG_CXX_LIBRARY = "libc++";
				CLANG_ENABLE_MODULES = YES;
				CLANG_ENABLE_OBJC_ARC = NO;
				CLANG_WARN_BOOL_CONVERSION = YES;
				CLANG_WARN_CONSTANT_CONVERSION = YES;
				CLANG_WARN_DIRECT_OBJC_ISA_USAGE = YES_ERROR;
				CLANG_WARN_EMPTY_BODY = YES;
				CLANG_WARN_ENUM_CONVERSION = YES;
				CLANG_WARN_INT_CONVERSION = YES;
				CLANG_WARN_OBJC_ROOT_CLASS = YES_ERROR;
				CLANG_WARN_UNREACHABLE_CODE = YES;
				CLANG_WARN__DUPLICATE_METHOD_MATCH = YES;
				COPY_PHASE_STRIP = NO;
				ENABLE_STRICT_OBJC_MSGSEND = YES;
				GCC_C_LANGUAGE_STANDARD = gnu99;
				GCC_DYNAMIC_NO_PIC = NO;
				GCC_OPTIMIZATION_LEVEL = 0;
				GCC_PREPROCESSOR_DEFINITIONS = (
					"DEBUG=1",
					"$(inherited)",
				);
				GCC_SYMBOLS_PRIVATE_EXTERN = NO;
				GCC_WARN_64_TO_32_BIT_CONVERSION = YES;
				GCC_WARN_ABOUT_RETURN_TYPE = YES_ERROR;
				GCC_WARN_UNDECLARED_SELECTOR = YES;
				GCC_WARN_UNINITIALIZED_AUTOS = YES_AGGRESSIVE;
				GCC_WARN_UNUSED_FUNCTION = YES;
				GCC_WARN_UNUSED_VARIABLE = YES;
				MTL_ENABLE_DEBUG_INFO = YES;
				ONLY_ACTIVE_ARCH = NO;
				SDKROOT = macosx;
			};
			name = Debug;
		};
		719D02A41AC1CB25002F76C1 /* Release */ = {
			isa = XCBuildConfiguration;
			buildSettings = {
				ALWAYS_SEARCH_USER_PATHS = NO;
				ARCHS = "$(ARCHS_STANDARD_32_64_BIT)";
				CLANG_CXX_LANGUAGE_STANDARD = "gnu++0x";
				CLANG_CXX_LIBRARY = "libc++";
				CLANG_ENABLE_MODULES = YES;
				CLANG_ENABLE_OBJC_ARC = NO;
				CLANG_WARN_BOOL_CONVERSION = YES;
				CLANG_WARN_CONSTANT_CONVERSION = YES;
				CLANG_WARN_DIRECT_OBJC_ISA_USAGE = YES_ERROR;
				CLANG_WARN_EMPTY_BODY = YES;
				CLANG_WARN_ENUM_CONVERSION = YES;
				CLANG_WARN_INT_CONVERSION = YES;
				CLANG_WARN_OBJC_ROOT_CLASS = YES_ERROR;
				CLANG_WARN_UNREACHABLE_CODE = YES;
				CLANG_WARN__DUPLICATE_METHOD_MATCH = YES;
				COPY_PHASE_STRIP = NO;
				DEBUG_INFORMATION_FORMAT = "dwarf-with-dsym";
				ENABLE_NS_ASSERTIONS = NO;
				ENABLE_STRICT_OBJC_MSGSEND = YES;
				GCC_C_LANGUAGE_STANDARD = gnu99;
				GCC_WARN_64_TO_32_BIT_CONVERSION = YES;
				GCC_WARN_ABOUT_RETURN_TYPE = YES_ERROR;
				GCC_WARN_UNDECLARED_SELECTOR = YES;
				GCC_WARN_UNINITIALIZED_AUTOS = YES_AGGRESSIVE;
				GCC_WARN_UNUSED_FUNCTION = YES;
				GCC_WARN_UNUSED_VARIABLE = YES;
				MTL_ENABLE_DEBUG_INFO = NO;
				ONLY_ACTIVE_ARCH = NO;
				SDKROOT = macosx;
			};
			name = Release;
		};
		719D02A61AC1CB25002F76C1 /* Debug */ = {
			isa = XCBuildConfiguration;
			buildSettings = {
				COMBINE_HIDPI_IMAGES = YES;
				FRAMEWORK_SEARCH_PATHS = (
					../osirix/build/Development,
					"../spalte-nibb/build/NIBuildingBlocks/Build/Products/Debug",
				);
				GCC_PRECOMPILE_PREFIX_HEADER = YES;
				GCC_PREFIX_HEADER = NIMPR/Sources/NIMPR.pch;
				INFOPLIST_FILE = NIMPR/Resources/Info.plist;
				INSTALL_PATH = "$(LOCAL_LIBRARY_DIR)/Bundles";
				OTHER_LDFLAGS = (
					"-weak_framework",
					OsiriXAPI,
					"-undefined",
					dynamic_lookup,
				);
				PRODUCT_NAME = NIMPR;
				SKIP_INSTALL = YES;
				WRAPPER_EXTENSION = osirixplugin;
			};
			name = Debug;
		};
		719D02A71AC1CB25002F76C1 /* Release */ = {
			isa = XCBuildConfiguration;
			buildSettings = {
				COMBINE_HIDPI_IMAGES = YES;
				FRAMEWORK_SEARCH_PATHS = (
					../osirix/build/Development,
					"../spalte-nibb/build/NIBuildingBlocks/Build/Products/Debug",
				);
				GCC_PRECOMPILE_PREFIX_HEADER = YES;
				GCC_PREFIX_HEADER = NIMPR/Sources/NIMPR.pch;
				INFOPLIST_FILE = NIMPR/Resources/Info.plist;
				INSTALL_PATH = "$(LOCAL_LIBRARY_DIR)/Bundles";
				OTHER_LDFLAGS = (
					"-weak_framework",
					OsiriXAPI,
					"-undefined",
					dynamic_lookup,
				);
				PRODUCT_NAME = NIMPR;
				SKIP_INSTALL = YES;
				WRAPPER_EXTENSION = osirixplugin;
			};
			name = Release;
		};
/* End XCBuildConfiguration section */

/* Begin XCConfigurationList section */
		719D02991AC1CB25002F76C1 /* Build configuration list for PBXProject "NIMPR" */ = {
			isa = XCConfigurationList;
			buildConfigurations = (
				719D02A31AC1CB25002F76C1 /* Debug */,
				719D02A41AC1CB25002F76C1 /* Release */,
			);
			defaultConfigurationIsVisible = 0;
			defaultConfigurationName = Release;
		};
		719D02A51AC1CB25002F76C1 /* Build configuration list for PBXNativeTarget "NIMPR" */ = {
			isa = XCConfigurationList;
			buildConfigurations = (
				719D02A61AC1CB25002F76C1 /* Debug */,
				719D02A71AC1CB25002F76C1 /* Release */,
			);
			defaultConfigurationIsVisible = 0;
			defaultConfigurationName = Release;
		};
/* End XCConfigurationList section */
	};
	rootObject = 719D02961AC1CB25002F76C1 /* Project object */;
}
