// !$*UTF8*$!
{
	archiveVersion = 1;
	classes = {
	};
	objectVersion = 46;
	objects = {

/* Begin PBXAggregateTarget section */
		4F4DB6971D9962DB00317088 /* Documentation */ = {
			isa = PBXAggregateTarget;
			buildConfigurationList = 4F4DB69A1D9962DB00317088 /* Build configuration list for PBXAggregateTarget "Documentation" */;
			buildPhases = (
				4F4DB69B1D9962E600317088 /* ShellScript */,
			);
			dependencies = (
			);
			name = Documentation;
			productName = Documentation;
		};
/* End PBXAggregateTarget section */

/* Begin PBXBuildFile section */
		4F0727E11B20A5F600F88B7D /* NIWindowLevelWindowWidthToolbarItem.h in Headers */ = {isa = PBXBuildFile; fileRef = 4F0727DF1B20A5F600F88B7D /* NIWindowLevelWindowWidthToolbarItem.h */; settings = {ATTRIBUTES = (Public, ); }; };
		4F0727E21B20A5F600F88B7D /* NIWindowLevelWindowWidthToolbarItem.m in Sources */ = {isa = PBXBuildFile; fileRef = 4F0727E01B20A5F600F88B7D /* NIWindowLevelWindowWidthToolbarItem.m */; };
		4F094E721B2455C20009297A /* ContrastTemplate@2x.tiff in Resources */ = {isa = PBXBuildFile; fileRef = 4F094E711B2455C20009297A /* ContrastTemplate@2x.tiff */; };
		4F094E741B24578D0009297A /* ContrastTemplate.tiff in Resources */ = {isa = PBXBuildFile; fileRef = 4F094E731B24578D0009297A /* ContrastTemplate.tiff */; };
		4F151EE11B1CC8D000C8F767 /* NIBuildingBlocks.h in Headers */ = {isa = PBXBuildFile; fileRef = 4F151EE01B1CC8D000C8F767 /* NIBuildingBlocks.h */; settings = {ATTRIBUTES = (Public, ); }; };
		4F151F071B1CCA1400C8F767 /* NIGeneratorRequestLayer.h in Headers */ = {isa = PBXBuildFile; fileRef = 4F151EF81B1CCA1400C8F767 /* NIGeneratorRequestLayer.h */; };
		4F151F081B1CCA1400C8F767 /* NIGeneratorRequestLayer.m in Sources */ = {isa = PBXBuildFile; fileRef = 4F151EF91B1CCA1400C8F767 /* NIGeneratorRequestLayer.m */; };
		4F151F091B1CCA1400C8F767 /* NIOrientationTextLayer.h in Headers */ = {isa = PBXBuildFile; fileRef = 4F151EFA1B1CCA1400C8F767 /* NIOrientationTextLayer.h */; };
		4F151F0B1B1CCA1400C8F767 /* NIAnnotationTextLayer.h in Headers */ = {isa = PBXBuildFile; fileRef = 4F151EFC1B1CCA1400C8F767 /* NIAnnotationTextLayer.h */; };
		4F151F0C1B1CCA1400C8F767 /* NIAnnotationTextLayer.m in Sources */ = {isa = PBXBuildFile; fileRef = 4F151EFD1B1CCA1400C8F767 /* NIAnnotationTextLayer.m */; };
		4F151F0D1B1CCA1400C8F767 /* NIObliqueSliceIntersectionLayer.h in Headers */ = {isa = PBXBuildFile; fileRef = 4F151EFE1B1CCA1400C8F767 /* NIObliqueSliceIntersectionLayer.h */; };
		4F151F0E1B1CCA1400C8F767 /* NIObliqueSliceIntersectionLayer.m in Sources */ = {isa = PBXBuildFile; fileRef = 4F151EFF1B1CCA1400C8F767 /* NIObliqueSliceIntersectionLayer.m */; };
		4F151F0F1B1CCA1400C8F767 /* NIScaleBarLayer.h in Headers */ = {isa = PBXBuildFile; fileRef = 4F151F001B1CCA1400C8F767 /* NIScaleBarLayer.h */; };
		4F151F101B1CCA1400C8F767 /* NIScaleBarLayer.m in Sources */ = {isa = PBXBuildFile; fileRef = 4F151F011B1CCA1400C8F767 /* NIScaleBarLayer.m */; };
		4F151F111B1CCA1400C8F767 /* NIMouseBullseyeLayer.h in Headers */ = {isa = PBXBuildFile; fileRef = 4F151F021B1CCA1400C8F767 /* NIMouseBullseyeLayer.h */; };
		4F151F121B1CCA1400C8F767 /* NIMouseBullseyeLayer.m in Sources */ = {isa = PBXBuildFile; fileRef = 4F151F031B1CCA1400C8F767 /* NIMouseBullseyeLayer.m */; };
		4F151F131B1CCA1400C8F767 /* NIIntersectionPrivate.h in Headers */ = {isa = PBXBuildFile; fileRef = 4F151F041B1CCA1400C8F767 /* NIIntersectionPrivate.h */; };
		4F151F141B1CCA1400C8F767 /* NISpritePrivate.h in Headers */ = {isa = PBXBuildFile; fileRef = 4F151F051B1CCA1400C8F767 /* NISpritePrivate.h */; };
		4F151F151B1CCA1400C8F767 /* NIVolumeDataPropertiesPrivate.h in Headers */ = {isa = PBXBuildFile; fileRef = 4F151F061B1CCA1400C8F767 /* NIVolumeDataPropertiesPrivate.h */; };
		4F151F181B1CCA2600C8F767 /* NIGeneratorRequestView.h in Headers */ = {isa = PBXBuildFile; fileRef = 4F151F161B1CCA2600C8F767 /* NIGeneratorRequestView.h */; settings = {ATTRIBUTES = (Public, ); }; };
		4F151F191B1CCA2600C8F767 /* NIGeneratorRequestView.m in Sources */ = {isa = PBXBuildFile; fileRef = 4F151F171B1CCA2600C8F767 /* NIGeneratorRequestView.m */; };
		4F151F211B1CCA6200C8F767 /* NIVolumeDataProperties.h in Headers */ = {isa = PBXBuildFile; fileRef = 4F151F1B1B1CCA6200C8F767 /* NIVolumeDataProperties.h */; settings = {ATTRIBUTES = (Public, ); }; };
		4F151F221B1CCA6200C8F767 /* NIVolumeDataProperties.m in Sources */ = {isa = PBXBuildFile; fileRef = 4F151F1C1B1CCA6200C8F767 /* NIVolumeDataProperties.m */; };
		4F151F231B1CCA6200C8F767 /* NIIntersection.h in Headers */ = {isa = PBXBuildFile; fileRef = 4F151F1D1B1CCA6200C8F767 /* NIIntersection.h */; settings = {ATTRIBUTES = (Public, ); }; };
		4F151F241B1CCA6200C8F767 /* NIIntersection.m in Sources */ = {isa = PBXBuildFile; fileRef = 4F151F1E1B1CCA6200C8F767 /* NIIntersection.m */; };
		4F151F251B1CCA6200C8F767 /* NISprite.h in Headers */ = {isa = PBXBuildFile; fileRef = 4F151F1F1B1CCA6200C8F767 /* NISprite.h */; settings = {ATTRIBUTES = (Public, ); }; };
		4F151F261B1CCA6200C8F767 /* NISprite.m in Sources */ = {isa = PBXBuildFile; fileRef = 4F151F201B1CCA6200C8F767 /* NISprite.m */; };
		4F151F291B1CCA8D00C8F767 /* NIFloatImageRep.h in Headers */ = {isa = PBXBuildFile; fileRef = 4F151F271B1CCA8D00C8F767 /* NIFloatImageRep.h */; settings = {ATTRIBUTES = (Public, ); }; };
		4F151F2A1B1CCA8D00C8F767 /* NIFloatImageRep.m in Sources */ = {isa = PBXBuildFile; fileRef = 4F151F281B1CCA8D00C8F767 /* NIFloatImageRep.m */; };
		4F151F321B1CCB3F00C8F767 /* NIVolumeData.h in Headers */ = {isa = PBXBuildFile; fileRef = 4F151F301B1CCB3F00C8F767 /* NIVolumeData.h */; settings = {ATTRIBUTES = (Public, ); }; };
		4F151F331B1CCB3F00C8F767 /* NIVolumeData.m in Sources */ = {isa = PBXBuildFile; fileRef = 4F151F311B1CCB3F00C8F767 /* NIVolumeData.m */; };
		4F151F361B1CCB6900C8F767 /* NIGeometry.h in Headers */ = {isa = PBXBuildFile; fileRef = 4F151F341B1CCB6900C8F767 /* NIGeometry.h */; settings = {ATTRIBUTES = (Public, ); }; };
		4F151F371B1CCB6900C8F767 /* NIGeometry.m in Sources */ = {isa = PBXBuildFile; fileRef = 4F151F351B1CCB6900C8F767 /* NIGeometry.m */; };
		4F151F3E1B1CCB8E00C8F767 /* NIGenerator.h in Headers */ = {isa = PBXBuildFile; fileRef = 4F151F381B1CCB8E00C8F767 /* NIGenerator.h */; settings = {ATTRIBUTES = (Public, ); }; };
		4F151F3F1B1CCB8E00C8F767 /* NIGenerator.m in Sources */ = {isa = PBXBuildFile; fileRef = 4F151F391B1CCB8E00C8F767 /* NIGenerator.m */; };
		4F151F401B1CCB8E00C8F767 /* NIGeneratorOperation.h in Headers */ = {isa = PBXBuildFile; fileRef = 4F151F3A1B1CCB8E00C8F767 /* NIGeneratorOperation.h */; };
		4F151F411B1CCB8E00C8F767 /* NIGeneratorOperation.m in Sources */ = {isa = PBXBuildFile; fileRef = 4F151F3B1B1CCB8E00C8F767 /* NIGeneratorOperation.m */; };
		4F151F421B1CCB8E00C8F767 /* NIGeneratorRequest.h in Headers */ = {isa = PBXBuildFile; fileRef = 4F151F3C1B1CCB8E00C8F767 /* NIGeneratorRequest.h */; settings = {ATTRIBUTES = (Public, ); }; };
		4F151F431B1CCB8E00C8F767 /* NIGeneratorRequest.m in Sources */ = {isa = PBXBuildFile; fileRef = 4F151F3D1B1CCB8E00C8F767 /* NIGeneratorRequest.m */; };
		4F151F4E1B1CCC0100C8F767 /* NIHorizontalFillOperation.h in Headers */ = {isa = PBXBuildFile; fileRef = 4F151F441B1CCC0100C8F767 /* NIHorizontalFillOperation.h */; };
		4F151F4F1B1CCC0100C8F767 /* NIHorizontalFillOperation.m in Sources */ = {isa = PBXBuildFile; fileRef = 4F151F451B1CCC0100C8F767 /* NIHorizontalFillOperation.m */; };
		4F151F501B1CCC0100C8F767 /* NIObliqueSliceOperation.h in Headers */ = {isa = PBXBuildFile; fileRef = 4F151F461B1CCC0100C8F767 /* NIObliqueSliceOperation.h */; };
		4F151F511B1CCC0100C8F767 /* NIObliqueSliceOperation.m in Sources */ = {isa = PBXBuildFile; fileRef = 4F151F471B1CCC0100C8F767 /* NIObliqueSliceOperation.m */; };
		4F151F521B1CCC0100C8F767 /* NIProjectionOperation.h in Headers */ = {isa = PBXBuildFile; fileRef = 4F151F481B1CCC0100C8F767 /* NIProjectionOperation.h */; };
		4F151F531B1CCC0100C8F767 /* NIProjectionOperation.m in Sources */ = {isa = PBXBuildFile; fileRef = 4F151F491B1CCC0100C8F767 /* NIProjectionOperation.m */; };
		4F151F541B1CCC0100C8F767 /* NIStraightenedOperation.h in Headers */ = {isa = PBXBuildFile; fileRef = 4F151F4A1B1CCC0100C8F767 /* NIStraightenedOperation.h */; };
		4F151F551B1CCC0100C8F767 /* NIStraightenedOperation.m in Sources */ = {isa = PBXBuildFile; fileRef = 4F151F4B1B1CCC0100C8F767 /* NIStraightenedOperation.m */; };
		4F151F561B1CCC0100C8F767 /* NIStretchedOperation.h in Headers */ = {isa = PBXBuildFile; fileRef = 4F151F4C1B1CCC0100C8F767 /* NIStretchedOperation.h */; };
		4F151F571B1CCC0100C8F767 /* NIStretchedOperation.m in Sources */ = {isa = PBXBuildFile; fileRef = 4F151F4D1B1CCC0100C8F767 /* NIStretchedOperation.m */; };
		4F151F5A1B1CCC6D00C8F767 /* OpenGL.framework in Frameworks */ = {isa = PBXBuildFile; fileRef = 4F151F591B1CCC6D00C8F767 /* OpenGL.framework */; };
		4F151F5C1B1CCC7600C8F767 /* QuartzCore.framework in Frameworks */ = {isa = PBXBuildFile; fileRef = 4F151F5B1B1CCC7600C8F767 /* QuartzCore.framework */; };
		4F151F5E1B1CCC8100C8F767 /* Quartz.framework in Frameworks */ = {isa = PBXBuildFile; fileRef = 4F151F5D1B1CCC8100C8F767 /* Quartz.framework */; };
		4F151F601B1CCC8C00C8F767 /* AppKit.framework in Frameworks */ = {isa = PBXBuildFile; fileRef = 4F151F5F1B1CCC8C00C8F767 /* AppKit.framework */; };
		4F151F621B1CCC9200C8F767 /* Cocoa.framework in Frameworks */ = {isa = PBXBuildFile; fileRef = 4F151F611B1CCC9200C8F767 /* Cocoa.framework */; };
		4F151F661B1CCF1B00C8F767 /* OsiriXIntegration.h in Headers */ = {isa = PBXBuildFile; fileRef = 4F151F641B1CCF1B00C8F767 /* OsiriXIntegration.h */; settings = {ATTRIBUTES = (Public, ); }; };
		4F151F671B1CCF1B00C8F767 /* OsiriXIntegration.m in Sources */ = {isa = PBXBuildFile; fileRef = 4F151F651B1CCF1B00C8F767 /* OsiriXIntegration.m */; };
		4F151F6F1B1CCFDA00C8F767 /* NIBezierCore.h in Headers */ = {isa = PBXBuildFile; fileRef = 4F151F691B1CCFDA00C8F767 /* NIBezierCore.h */; settings = {ATTRIBUTES = (Public, ); }; };
		4F151F701B1CCFDA00C8F767 /* NIBezierCore.m in Sources */ = {isa = PBXBuildFile; fileRef = 4F151F6A1B1CCFDA00C8F767 /* NIBezierCore.m */; };
		4F151F711B1CCFDA00C8F767 /* NIBezierCoreAdditions.h in Headers */ = {isa = PBXBuildFile; fileRef = 4F151F6B1B1CCFDA00C8F767 /* NIBezierCoreAdditions.h */; settings = {ATTRIBUTES = (Public, ); }; };
		4F151F721B1CCFDA00C8F767 /* NIBezierCoreAdditions.m in Sources */ = {isa = PBXBuildFile; fileRef = 4F151F6C1B1CCFDA00C8F767 /* NIBezierCoreAdditions.m */; };
		4F151F731B1CCFDA00C8F767 /* NIBezierPath.h in Headers */ = {isa = PBXBuildFile; fileRef = 4F151F6D1B1CCFDA00C8F767 /* NIBezierPath.h */; settings = {ATTRIBUTES = (Public, ); }; };
		4F151F741B1CCFDA00C8F767 /* NIBezierPath.m in Sources */ = {isa = PBXBuildFile; fileRef = 4F151F6E1B1CCFDA00C8F767 /* NIBezierPath.m */; };
		4F151F781B1CD35600C8F767 /* NIUnsignedInt16ImageRep.h in Headers */ = {isa = PBXBuildFile; fileRef = 4F151F761B1CD35600C8F767 /* NIUnsignedInt16ImageRep.h */; settings = {ATTRIBUTES = (Public, ); }; };
		4F151F791B1CD35600C8F767 /* NIUnsignedInt16ImageRep.m in Sources */ = {isa = PBXBuildFile; fileRef = 4F151F771B1CD35600C8F767 /* NIUnsignedInt16ImageRep.m */; };
		4F151F901B1CFB2E00C8F767 /* NSBezierPath+NI.h in Headers */ = {isa = PBXBuildFile; fileRef = 4F151F8E1B1CFB2E00C8F767 /* NSBezierPath+NI.h */; settings = {ATTRIBUTES = (Public, ); }; };
		4F151F911B1CFB2E00C8F767 /* NSBezierPath+NI.m in Sources */ = {isa = PBXBuildFile; fileRef = 4F151F8F1B1CFB2E00C8F767 /* NSBezierPath+NI.m */; };
		4F1E60981B20D54F0053A79F /* NIWindowLevelWindowWidthToolbarItem.xib in Resources */ = {isa = PBXBuildFile; fileRef = 4F1E60971B20D54F0053A79F /* NIWindowLevelWindowWidthToolbarItem.xib */; };
		4F2EEA611C5C348200DF2227 /* NIStorage+Private.h in Headers */ = {isa = PBXBuildFile; fileRef = 4FCB58BA1C57D37900718CCF /* NIStorage+Private.h */; };
		4F4409B61B21A0F6006AC3B6 /* NIWindowingView.h in Headers */ = {isa = PBXBuildFile; fileRef = 4F4409B41B21A0F6006AC3B6 /* NIWindowingView.h */; };
		4F4409B71B21A0F6006AC3B6 /* NIWindowingView.m in Sources */ = {isa = PBXBuildFile; fileRef = 4F4409B51B21A0F6006AC3B6 /* NIWindowingView.m */; };
		4F4B28381BD022560033906D /* NIAgeFormatter.h in Headers */ = {isa = PBXBuildFile; fileRef = 4F4B28361BD022560033906D /* NIAgeFormatter.h */; settings = {ATTRIBUTES = (Public, ); }; };
		4F4B28391BD022560033906D /* NIAgeFormatter.m in Sources */ = {isa = PBXBuildFile; fileRef = 4F4B28371BD022560033906D /* NIAgeFormatter.m */; };
		4F74037B1C5A87D9009C40D2 /* NIStorageBox.h in Headers */ = {isa = PBXBuildFile; fileRef = 4F7403791C5A87D9009C40D2 /* NIStorageBox.h */; };
		4F74037C1C5A87D9009C40D2 /* NIStorageBox.m in Sources */ = {isa = PBXBuildFile; fileRef = 4F74037A1C5A87D9009C40D2 /* NIStorageBox.m */; };
		4F806AD11CC12B55009AF7C2 /* NIGeneratorOperationPrivate.h in Headers */ = {isa = PBXBuildFile; fileRef = 4F806ACF1CC12B55009AF7C2 /* NIGeneratorOperationPrivate.h */; };
		4FCB58191C551C5E00718CCF /* NIStorageModel.xcdatamodeld in Sources */ = {isa = PBXBuildFile; fileRef = 4FCB58171C551C5E00718CCF /* NIStorageModel.xcdatamodeld */; };
		4FCB58AB1C5523F700718CCF /* NIStorageEntities.h in Headers */ = {isa = PBXBuildFile; fileRef = 4FCB588F1C5523F700718CCF /* NIStorageEntities.h */; };
		4FCB58AC1C5523F700718CCF /* NIStorageEntities.m in Sources */ = {isa = PBXBuildFile; fileRef = 4FCB58901C5523F700718CCF /* NIStorageEntities.m */; };
		4FCB58B71C568F8000718CCF /* NIStorageCoordinator.h in Headers */ = {isa = PBXBuildFile; fileRef = 4FCB58B51C568F8000718CCF /* NIStorageCoordinator.h */; };
		4FCB58B81C568F8000718CCF /* NIStorageCoordinator.m in Sources */ = {isa = PBXBuildFile; fileRef = 4FCB58B61C568F8000718CCF /* NIStorageCoordinator.m */; };
		4FF07D901B24C30D00380630 /* NITextLabelGroupLayer.h in Headers */ = {isa = PBXBuildFile; fileRef = 4FF07D8E1B24C30D00380630 /* NITextLabelGroupLayer.h */; };
		4FF07D911B24C30D00380630 /* NITextLabelGroupLayer.m in Sources */ = {isa = PBXBuildFile; fileRef = 4FF07D8F1B24C30D00380630 /* NITextLabelGroupLayer.m */; };
		7106843F1B678D800078903A /* NIMask.h in Headers */ = {isa = PBXBuildFile; fileRef = 7106843D1B678D800078903A /* NIMask.h */; settings = {ATTRIBUTES = (Public, ); }; };
		710684401B678D800078903A /* NIMask.m in Sources */ = {isa = PBXBuildFile; fileRef = 7106843E1B678D800078903A /* NIMask.m */; };
		710684441B678FD30078903A /* NIMaskRunStack.h in Headers */ = {isa = PBXBuildFile; fileRef = 710684421B678FD30078903A /* NIMaskRunStack.h */; settings = {ATTRIBUTES = (Public, ); }; };
		710684451B678FD30078903A /* NIMaskRunStack.m in Sources */ = {isa = PBXBuildFile; fileRef = 710684431B678FD30078903A /* NIMaskRunStack.m */; };
		719473721B1DA0F1009363AE /* NIOrientationTextLayer.m in Sources */ = {isa = PBXBuildFile; fileRef = 719473711B1DA0F1009363AE /* NIOrientationTextLayer.m */; };
		7194D0871BE0EE3A00563DEC /* NIStorage.h in Headers */ = {isa = PBXBuildFile; fileRef = 7194D0851BE0EE3A00563DEC /* NIStorage.h */; settings = {ATTRIBUTES = (Public, ); }; };
		7194D0881BE0EE3A00563DEC /* NIStorage.m in Sources */ = {isa = PBXBuildFile; fileRef = 7194D0861BE0EE3A00563DEC /* NIStorage.m */; };
		71A8B4691BA953DD0013D45E /* NIGeometryTests.m in Sources */ = {isa = PBXBuildFile; fileRef = 71A8B4681BA953DD0013D45E /* NIGeometryTests.m */; };
		71DFA2CA1B6FC77E008AB997 /* NIMaskData.h in Headers */ = {isa = PBXBuildFile; fileRef = 71DFA2C81B6FC77E008AB997 /* NIMaskData.h */; settings = {ATTRIBUTES = (Public, ); }; };
		71DFA2CB1B6FC77E008AB997 /* NIMaskData.m in Sources */ = {isa = PBXBuildFile; fileRef = 71DFA2C91B6FC77E008AB997 /* NIMaskData.m */; };
		71F51E521BA00C2E00DF26AC /* NIMaskTests.m in Sources */ = {isa = PBXBuildFile; fileRef = 71F51E511BA00C2E00DF26AC /* NIMaskTests.m */; };
		71F51E531BA00C2E00DF26AC /* NIBuildingBlocks.framework in Frameworks */ = {isa = PBXBuildFile; fileRef = 4F151EDB1B1CC8D000C8F767 /* NIBuildingBlocks.framework */; };
/* End PBXBuildFile section */

/* Begin PBXContainerItemProxy section */
		71F51E541BA00C2E00DF26AC /* PBXContainerItemProxy */ = {
			isa = PBXContainerItemProxy;
			containerPortal = 4F151ED21B1CC8D000C8F767 /* Project object */;
			proxyType = 1;
			remoteGlobalIDString = 4F151EDA1B1CC8D000C8F767;
			remoteInfo = NIBuildingBlocks;
		};
/* End PBXContainerItemProxy section */

/* Begin PBXFileReference section */
		4F0727DF1B20A5F600F88B7D /* NIWindowLevelWindowWidthToolbarItem.h */ = {isa = PBXFileReference; fileEncoding = 4; lastKnownFileType = sourcecode.c.h; path = NIWindowLevelWindowWidthToolbarItem.h; sourceTree = "<group>"; };
		4F0727E01B20A5F600F88B7D /* NIWindowLevelWindowWidthToolbarItem.m */ = {isa = PBXFileReference; fileEncoding = 4; lastKnownFileType = sourcecode.c.objc; path = NIWindowLevelWindowWidthToolbarItem.m; sourceTree = "<group>"; };
		4F094E711B2455C20009297A /* ContrastTemplate@2x.tiff */ = {isa = PBXFileReference; lastKnownFileType = image.tiff; path = "ContrastTemplate@2x.tiff"; sourceTree = "<group>"; };
		4F094E731B24578D0009297A /* ContrastTemplate.tiff */ = {isa = PBXFileReference; lastKnownFileType = image.tiff; path = ContrastTemplate.tiff; sourceTree = "<group>"; };
		4F151EDB1B1CC8D000C8F767 /* NIBuildingBlocks.framework */ = {isa = PBXFileReference; explicitFileType = wrapper.framework; includeInIndex = 0; path = NIBuildingBlocks.framework; sourceTree = BUILT_PRODUCTS_DIR; };
		4F151EDF1B1CC8D000C8F767 /* Info.plist */ = {isa = PBXFileReference; lastKnownFileType = text.plist.xml; path = Info.plist; sourceTree = "<group>"; };
		4F151EE01B1CC8D000C8F767 /* NIBuildingBlocks.h */ = {isa = PBXFileReference; lastKnownFileType = sourcecode.c.h; name = NIBuildingBlocks.h; path = NIBuildingBlocks/NIBuildingBlocks.h; sourceTree = "<group>"; };
		4F151EF81B1CCA1400C8F767 /* NIGeneratorRequestLayer.h */ = {isa = PBXFileReference; fileEncoding = 4; lastKnownFileType = sourcecode.c.h; path = NIGeneratorRequestLayer.h; sourceTree = "<group>"; };
		4F151EF91B1CCA1400C8F767 /* NIGeneratorRequestLayer.m */ = {isa = PBXFileReference; fileEncoding = 4; lastKnownFileType = sourcecode.c.objc; path = NIGeneratorRequestLayer.m; sourceTree = "<group>"; };
		4F151EFA1B1CCA1400C8F767 /* NIOrientationTextLayer.h */ = {isa = PBXFileReference; fileEncoding = 4; lastKnownFileType = sourcecode.c.h; path = NIOrientationTextLayer.h; sourceTree = "<group>"; };
		4F151EFC1B1CCA1400C8F767 /* NIAnnotationTextLayer.h */ = {isa = PBXFileReference; fileEncoding = 4; lastKnownFileType = sourcecode.c.h; path = NIAnnotationTextLayer.h; sourceTree = "<group>"; };
		4F151EFD1B1CCA1400C8F767 /* NIAnnotationTextLayer.m */ = {isa = PBXFileReference; fileEncoding = 4; lastKnownFileType = sourcecode.c.objc; path = NIAnnotationTextLayer.m; sourceTree = "<group>"; };
		4F151EFE1B1CCA1400C8F767 /* NIObliqueSliceIntersectionLayer.h */ = {isa = PBXFileReference; fileEncoding = 4; lastKnownFileType = sourcecode.c.h; path = NIObliqueSliceIntersectionLayer.h; sourceTree = "<group>"; };
		4F151EFF1B1CCA1400C8F767 /* NIObliqueSliceIntersectionLayer.m */ = {isa = PBXFileReference; fileEncoding = 4; lastKnownFileType = sourcecode.c.objc; path = NIObliqueSliceIntersectionLayer.m; sourceTree = "<group>"; };
		4F151F001B1CCA1400C8F767 /* NIScaleBarLayer.h */ = {isa = PBXFileReference; fileEncoding = 4; lastKnownFileType = sourcecode.c.h; path = NIScaleBarLayer.h; sourceTree = "<group>"; };
		4F151F011B1CCA1400C8F767 /* NIScaleBarLayer.m */ = {isa = PBXFileReference; fileEncoding = 4; lastKnownFileType = sourcecode.c.objc; path = NIScaleBarLayer.m; sourceTree = "<group>"; };
		4F151F021B1CCA1400C8F767 /* NIMouseBullseyeLayer.h */ = {isa = PBXFileReference; fileEncoding = 4; lastKnownFileType = sourcecode.c.h; path = NIMouseBullseyeLayer.h; sourceTree = "<group>"; };
		4F151F031B1CCA1400C8F767 /* NIMouseBullseyeLayer.m */ = {isa = PBXFileReference; fileEncoding = 4; lastKnownFileType = sourcecode.c.objc; path = NIMouseBullseyeLayer.m; sourceTree = "<group>"; };
		4F151F041B1CCA1400C8F767 /* NIIntersectionPrivate.h */ = {isa = PBXFileReference; fileEncoding = 4; lastKnownFileType = sourcecode.c.h; path = NIIntersectionPrivate.h; sourceTree = "<group>"; };
		4F151F051B1CCA1400C8F767 /* NISpritePrivate.h */ = {isa = PBXFileReference; fileEncoding = 4; lastKnownFileType = sourcecode.c.h; path = NISpritePrivate.h; sourceTree = "<group>"; };
		4F151F061B1CCA1400C8F767 /* NIVolumeDataPropertiesPrivate.h */ = {isa = PBXFileReference; fileEncoding = 4; lastKnownFileType = sourcecode.c.h; path = NIVolumeDataPropertiesPrivate.h; sourceTree = "<group>"; };
		4F151F161B1CCA2600C8F767 /* NIGeneratorRequestView.h */ = {isa = PBXFileReference; fileEncoding = 4; lastKnownFileType = sourcecode.c.h; path = NIGeneratorRequestView.h; sourceTree = "<group>"; };
		4F151F171B1CCA2600C8F767 /* NIGeneratorRequestView.m */ = {isa = PBXFileReference; fileEncoding = 4; lastKnownFileType = sourcecode.c.objc; path = NIGeneratorRequestView.m; sourceTree = "<group>"; };
		4F151F1B1B1CCA6200C8F767 /* NIVolumeDataProperties.h */ = {isa = PBXFileReference; fileEncoding = 4; lastKnownFileType = sourcecode.c.h; path = NIVolumeDataProperties.h; sourceTree = "<group>"; };
		4F151F1C1B1CCA6200C8F767 /* NIVolumeDataProperties.m */ = {isa = PBXFileReference; fileEncoding = 4; lastKnownFileType = sourcecode.c.objc; path = NIVolumeDataProperties.m; sourceTree = "<group>"; };
		4F151F1D1B1CCA6200C8F767 /* NIIntersection.h */ = {isa = PBXFileReference; fileEncoding = 4; lastKnownFileType = sourcecode.c.h; path = NIIntersection.h; sourceTree = "<group>"; };
		4F151F1E1B1CCA6200C8F767 /* NIIntersection.m */ = {isa = PBXFileReference; fileEncoding = 4; lastKnownFileType = sourcecode.c.objc; path = NIIntersection.m; sourceTree = "<group>"; };
		4F151F1F1B1CCA6200C8F767 /* NISprite.h */ = {isa = PBXFileReference; fileEncoding = 4; lastKnownFileType = sourcecode.c.h; path = NISprite.h; sourceTree = "<group>"; };
		4F151F201B1CCA6200C8F767 /* NISprite.m */ = {isa = PBXFileReference; fileEncoding = 4; lastKnownFileType = sourcecode.c.objc; path = NISprite.m; sourceTree = "<group>"; };
		4F151F271B1CCA8D00C8F767 /* NIFloatImageRep.h */ = {isa = PBXFileReference; fileEncoding = 4; lastKnownFileType = sourcecode.c.h; path = NIFloatImageRep.h; sourceTree = "<group>"; };
		4F151F281B1CCA8D00C8F767 /* NIFloatImageRep.m */ = {isa = PBXFileReference; fileEncoding = 4; lastKnownFileType = sourcecode.c.objc; path = NIFloatImageRep.m; sourceTree = "<group>"; };
		4F151F301B1CCB3F00C8F767 /* NIVolumeData.h */ = {isa = PBXFileReference; fileEncoding = 4; lastKnownFileType = sourcecode.c.h; path = NIVolumeData.h; sourceTree = "<group>"; };
		4F151F311B1CCB3F00C8F767 /* NIVolumeData.m */ = {isa = PBXFileReference; fileEncoding = 4; lastKnownFileType = sourcecode.c.objc; path = NIVolumeData.m; sourceTree = "<group>"; };
		4F151F341B1CCB6900C8F767 /* NIGeometry.h */ = {isa = PBXFileReference; fileEncoding = 4; lastKnownFileType = sourcecode.c.h; path = NIGeometry.h; sourceTree = "<group>"; };
		4F151F351B1CCB6900C8F767 /* NIGeometry.m */ = {isa = PBXFileReference; fileEncoding = 4; lastKnownFileType = sourcecode.c.objc; path = NIGeometry.m; sourceTree = "<group>"; };
		4F151F381B1CCB8E00C8F767 /* NIGenerator.h */ = {isa = PBXFileReference; fileEncoding = 4; lastKnownFileType = sourcecode.c.h; path = NIGenerator.h; sourceTree = "<group>"; };
		4F151F391B1CCB8E00C8F767 /* NIGenerator.m */ = {isa = PBXFileReference; fileEncoding = 4; lastKnownFileType = sourcecode.c.objc; path = NIGenerator.m; sourceTree = "<group>"; };
		4F151F3A1B1CCB8E00C8F767 /* NIGeneratorOperation.h */ = {isa = PBXFileReference; fileEncoding = 4; lastKnownFileType = sourcecode.c.h; path = NIGeneratorOperation.h; sourceTree = "<group>"; };
		4F151F3B1B1CCB8E00C8F767 /* NIGeneratorOperation.m */ = {isa = PBXFileReference; fileEncoding = 4; lastKnownFileType = sourcecode.c.objc; path = NIGeneratorOperation.m; sourceTree = "<group>"; };
		4F151F3C1B1CCB8E00C8F767 /* NIGeneratorRequest.h */ = {isa = PBXFileReference; fileEncoding = 4; lastKnownFileType = sourcecode.c.h; path = NIGeneratorRequest.h; sourceTree = "<group>"; };
		4F151F3D1B1CCB8E00C8F767 /* NIGeneratorRequest.m */ = {isa = PBXFileReference; fileEncoding = 4; lastKnownFileType = sourcecode.c.objc; path = NIGeneratorRequest.m; sourceTree = "<group>"; };
		4F151F441B1CCC0100C8F767 /* NIHorizontalFillOperation.h */ = {isa = PBXFileReference; fileEncoding = 4; lastKnownFileType = sourcecode.c.h; path = NIHorizontalFillOperation.h; sourceTree = "<group>"; };
		4F151F451B1CCC0100C8F767 /* NIHorizontalFillOperation.m */ = {isa = PBXFileReference; fileEncoding = 4; lastKnownFileType = sourcecode.c.objc; path = NIHorizontalFillOperation.m; sourceTree = "<group>"; };
		4F151F461B1CCC0100C8F767 /* NIObliqueSliceOperation.h */ = {isa = PBXFileReference; fileEncoding = 4; lastKnownFileType = sourcecode.c.h; path = NIObliqueSliceOperation.h; sourceTree = "<group>"; };
		4F151F471B1CCC0100C8F767 /* NIObliqueSliceOperation.m */ = {isa = PBXFileReference; fileEncoding = 4; lastKnownFileType = sourcecode.c.objc; path = NIObliqueSliceOperation.m; sourceTree = "<group>"; };
		4F151F481B1CCC0100C8F767 /* NIProjectionOperation.h */ = {isa = PBXFileReference; fileEncoding = 4; lastKnownFileType = sourcecode.c.h; path = NIProjectionOperation.h; sourceTree = "<group>"; };
		4F151F491B1CCC0100C8F767 /* NIProjectionOperation.m */ = {isa = PBXFileReference; fileEncoding = 4; lastKnownFileType = sourcecode.c.objc; path = NIProjectionOperation.m; sourceTree = "<group>"; };
		4F151F4A1B1CCC0100C8F767 /* NIStraightenedOperation.h */ = {isa = PBXFileReference; fileEncoding = 4; lastKnownFileType = sourcecode.c.h; path = NIStraightenedOperation.h; sourceTree = "<group>"; };
		4F151F4B1B1CCC0100C8F767 /* NIStraightenedOperation.m */ = {isa = PBXFileReference; fileEncoding = 4; lastKnownFileType = sourcecode.c.objc; path = NIStraightenedOperation.m; sourceTree = "<group>"; };
		4F151F4C1B1CCC0100C8F767 /* NIStretchedOperation.h */ = {isa = PBXFileReference; fileEncoding = 4; lastKnownFileType = sourcecode.c.h; path = NIStretchedOperation.h; sourceTree = "<group>"; };
		4F151F4D1B1CCC0100C8F767 /* NIStretchedOperation.m */ = {isa = PBXFileReference; fileEncoding = 4; lastKnownFileType = sourcecode.c.objc; path = NIStretchedOperation.m; sourceTree = "<group>"; };
		4F151F591B1CCC6D00C8F767 /* OpenGL.framework */ = {isa = PBXFileReference; lastKnownFileType = wrapper.framework; name = OpenGL.framework; path = System/Library/Frameworks/OpenGL.framework; sourceTree = SDKROOT; };
		4F151F5B1B1CCC7600C8F767 /* QuartzCore.framework */ = {isa = PBXFileReference; lastKnownFileType = wrapper.framework; name = QuartzCore.framework; path = System/Library/Frameworks/QuartzCore.framework; sourceTree = SDKROOT; };
		4F151F5D1B1CCC8100C8F767 /* Quartz.framework */ = {isa = PBXFileReference; lastKnownFileType = wrapper.framework; name = Quartz.framework; path = System/Library/Frameworks/Quartz.framework; sourceTree = SDKROOT; };
		4F151F5F1B1CCC8C00C8F767 /* AppKit.framework */ = {isa = PBXFileReference; lastKnownFileType = wrapper.framework; name = AppKit.framework; path = System/Library/Frameworks/AppKit.framework; sourceTree = SDKROOT; };
		4F151F611B1CCC9200C8F767 /* Cocoa.framework */ = {isa = PBXFileReference; lastKnownFileType = wrapper.framework; name = Cocoa.framework; path = System/Library/Frameworks/Cocoa.framework; sourceTree = SDKROOT; };
		4F151F641B1CCF1B00C8F767 /* OsiriXIntegration.h */ = {isa = PBXFileReference; fileEncoding = 4; lastKnownFileType = sourcecode.c.h; path = OsiriXIntegration.h; sourceTree = "<group>"; };
		4F151F651B1CCF1B00C8F767 /* OsiriXIntegration.m */ = {isa = PBXFileReference; fileEncoding = 4; lastKnownFileType = sourcecode.c.objc; path = OsiriXIntegration.m; sourceTree = "<group>"; };
		4F151F691B1CCFDA00C8F767 /* NIBezierCore.h */ = {isa = PBXFileReference; fileEncoding = 4; lastKnownFileType = sourcecode.c.h; path = NIBezierCore.h; sourceTree = "<group>"; };
		4F151F6A1B1CCFDA00C8F767 /* NIBezierCore.m */ = {isa = PBXFileReference; fileEncoding = 4; lastKnownFileType = sourcecode.c.objc; path = NIBezierCore.m; sourceTree = "<group>"; };
		4F151F6B1B1CCFDA00C8F767 /* NIBezierCoreAdditions.h */ = {isa = PBXFileReference; fileEncoding = 4; lastKnownFileType = sourcecode.c.h; path = NIBezierCoreAdditions.h; sourceTree = "<group>"; };
		4F151F6C1B1CCFDA00C8F767 /* NIBezierCoreAdditions.m */ = {isa = PBXFileReference; fileEncoding = 4; lastKnownFileType = sourcecode.c.objc; path = NIBezierCoreAdditions.m; sourceTree = "<group>"; };
		4F151F6D1B1CCFDA00C8F767 /* NIBezierPath.h */ = {isa = PBXFileReference; fileEncoding = 4; lastKnownFileType = sourcecode.c.h; path = NIBezierPath.h; sourceTree = "<group>"; };
		4F151F6E1B1CCFDA00C8F767 /* NIBezierPath.m */ = {isa = PBXFileReference; fileEncoding = 4; lastKnownFileType = sourcecode.c.objc; path = NIBezierPath.m; sourceTree = "<group>"; };
		4F151F761B1CD35600C8F767 /* NIUnsignedInt16ImageRep.h */ = {isa = PBXFileReference; fileEncoding = 4; lastKnownFileType = sourcecode.c.h; path = NIUnsignedInt16ImageRep.h; sourceTree = "<group>"; };
		4F151F771B1CD35600C8F767 /* NIUnsignedInt16ImageRep.m */ = {isa = PBXFileReference; fileEncoding = 4; lastKnownFileType = sourcecode.c.objc; path = NIUnsignedInt16ImageRep.m; sourceTree = "<group>"; };
		4F151F8E1B1CFB2E00C8F767 /* NSBezierPath+NI.h */ = {isa = PBXFileReference; fileEncoding = 4; lastKnownFileType = sourcecode.c.h; path = "NSBezierPath+NI.h"; sourceTree = "<group>"; };
		4F151F8F1B1CFB2E00C8F767 /* NSBezierPath+NI.m */ = {isa = PBXFileReference; fileEncoding = 4; lastKnownFileType = sourcecode.c.objc; path = "NSBezierPath+NI.m"; sourceTree = "<group>"; };
		4F1E60971B20D54F0053A79F /* NIWindowLevelWindowWidthToolbarItem.xib */ = {isa = PBXFileReference; fileEncoding = 4; lastKnownFileType = file.xib; path = NIWindowLevelWindowWidthToolbarItem.xib; sourceTree = "<group>"; };
		4F4409B41B21A0F6006AC3B6 /* NIWindowingView.h */ = {isa = PBXFileReference; fileEncoding = 4; lastKnownFileType = sourcecode.c.h; path = NIWindowingView.h; sourceTree = "<group>"; };
		4F4409B51B21A0F6006AC3B6 /* NIWindowingView.m */ = {isa = PBXFileReference; fileEncoding = 4; lastKnownFileType = sourcecode.c.objc; path = NIWindowingView.m; sourceTree = "<group>"; };
		4F4B28361BD022560033906D /* NIAgeFormatter.h */ = {isa = PBXFileReference; fileEncoding = 4; lastKnownFileType = sourcecode.c.h; path = NIAgeFormatter.h; sourceTree = "<group>"; };
		4F4B28371BD022560033906D /* NIAgeFormatter.m */ = {isa = PBXFileReference; fileEncoding = 4; lastKnownFileType = sourcecode.c.objc; path = NIAgeFormatter.m; sourceTree = "<group>"; };
		4F7403791C5A87D9009C40D2 /* NIStorageBox.h */ = {isa = PBXFileReference; fileEncoding = 4; lastKnownFileType = sourcecode.c.h; path = NIStorageBox.h; sourceTree = "<group>"; };
		4F74037A1C5A87D9009C40D2 /* NIStorageBox.m */ = {isa = PBXFileReference; fileEncoding = 4; lastKnownFileType = sourcecode.c.objc; path = NIStorageBox.m; sourceTree = "<group>"; };
		4F806ACF1CC12B55009AF7C2 /* NIGeneratorOperationPrivate.h */ = {isa = PBXFileReference; fileEncoding = 4; lastKnownFileType = sourcecode.c.h; path = NIGeneratorOperationPrivate.h; sourceTree = "<group>"; };
		4FCB58181C551C5E00718CCF /* NIStorageModel.xcdatamodel */ = {isa = PBXFileReference; lastKnownFileType = wrapper.xcdatamodel; path = NIStorageModel.xcdatamodel; sourceTree = "<group>"; };
		4FCB588F1C5523F700718CCF /* NIStorageEntities.h */ = {isa = PBXFileReference; fileEncoding = 4; lastKnownFileType = sourcecode.c.h; path = NIStorageEntities.h; sourceTree = "<group>"; };
		4FCB58901C5523F700718CCF /* NIStorageEntities.m */ = {isa = PBXFileReference; fileEncoding = 4; lastKnownFileType = sourcecode.c.objc; path = NIStorageEntities.m; sourceTree = "<group>"; };
		4FCB58B51C568F8000718CCF /* NIStorageCoordinator.h */ = {isa = PBXFileReference; fileEncoding = 4; lastKnownFileType = sourcecode.c.h; path = NIStorageCoordinator.h; sourceTree = "<group>"; };
		4FCB58B61C568F8000718CCF /* NIStorageCoordinator.m */ = {isa = PBXFileReference; fileEncoding = 4; lastKnownFileType = sourcecode.c.objc; path = NIStorageCoordinator.m; sourceTree = "<group>"; };
		4FCB58BA1C57D37900718CCF /* NIStorage+Private.h */ = {isa = PBXFileReference; lastKnownFileType = sourcecode.c.h; path = "NIStorage+Private.h"; sourceTree = "<group>"; };
		4FF07D8E1B24C30D00380630 /* NITextLabelGroupLayer.h */ = {isa = PBXFileReference; fileEncoding = 4; lastKnownFileType = sourcecode.c.h; path = NITextLabelGroupLayer.h; sourceTree = "<group>"; };
		4FF07D8F1B24C30D00380630 /* NITextLabelGroupLayer.m */ = {isa = PBXFileReference; fileEncoding = 4; lastKnownFileType = sourcecode.c.objc; path = NITextLabelGroupLayer.m; sourceTree = "<group>"; };
		7106843D1B678D800078903A /* NIMask.h */ = {isa = PBXFileReference; fileEncoding = 4; lastKnownFileType = sourcecode.c.h; path = NIMask.h; sourceTree = "<group>"; };
		7106843E1B678D800078903A /* NIMask.m */ = {isa = PBXFileReference; fileEncoding = 4; lastKnownFileType = sourcecode.c.objc; path = NIMask.m; sourceTree = "<group>"; };
		710684421B678FD30078903A /* NIMaskRunStack.h */ = {isa = PBXFileReference; fileEncoding = 4; lastKnownFileType = sourcecode.c.h; path = NIMaskRunStack.h; sourceTree = "<group>"; };
		710684431B678FD30078903A /* NIMaskRunStack.m */ = {isa = PBXFileReference; fileEncoding = 4; lastKnownFileType = sourcecode.c.objc; path = NIMaskRunStack.m; sourceTree = "<group>"; };
		716428AA1C11990F0056E466 /* NIBuildingBlocks.pch */ = {isa = PBXFileReference; lastKnownFileType = sourcecode.c.h; name = NIBuildingBlocks.pch; path = NIBuildingBlocks/NIBuildingBlocks.pch; sourceTree = "<group>"; };
		719473711B1DA0F1009363AE /* NIOrientationTextLayer.m */ = {isa = PBXFileReference; fileEncoding = 4; lastKnownFileType = sourcecode.c.objc; path = NIOrientationTextLayer.m; sourceTree = "<group>"; };
		7194D0851BE0EE3A00563DEC /* NIStorage.h */ = {isa = PBXFileReference; fileEncoding = 4; lastKnownFileType = sourcecode.c.h; path = NIStorage.h; sourceTree = "<group>"; };
		7194D0861BE0EE3A00563DEC /* NIStorage.m */ = {isa = PBXFileReference; fileEncoding = 4; lastKnownFileType = sourcecode.c.objc; path = NIStorage.m; sourceTree = "<group>"; };
		71A8B4681BA953DD0013D45E /* NIGeometryTests.m */ = {isa = PBXFileReference; fileEncoding = 4; lastKnownFileType = sourcecode.c.objc; path = NIGeometryTests.m; sourceTree = "<group>"; };
		71D4B94B1E0295E700A54AD0 /* NIBuildingBlocks.profdata */ = {isa = PBXFileReference; lastKnownFileType = file; path = NIBuildingBlocks.profdata; sourceTree = "<group>"; };
		71DFA2C81B6FC77E008AB997 /* NIMaskData.h */ = {isa = PBXFileReference; fileEncoding = 4; lastKnownFileType = sourcecode.c.h; path = NIMaskData.h; sourceTree = "<group>"; };
		71DFA2C91B6FC77E008AB997 /* NIMaskData.m */ = {isa = PBXFileReference; fileEncoding = 4; lastKnownFileType = sourcecode.c.objc; path = NIMaskData.m; sourceTree = "<group>"; };
		71F51E4D1BA00C2E00DF26AC /* NIBuildingBlocks Tests.xctest */ = {isa = PBXFileReference; explicitFileType = wrapper.cfbundle; includeInIndex = 0; path = "NIBuildingBlocks Tests.xctest"; sourceTree = BUILT_PRODUCTS_DIR; };
		71F51E501BA00C2E00DF26AC /* Info.plist */ = {isa = PBXFileReference; lastKnownFileType = text.plist.xml; path = Info.plist; sourceTree = "<group>"; };
		71F51E511BA00C2E00DF26AC /* NIMaskTests.m */ = {isa = PBXFileReference; lastKnownFileType = sourcecode.c.objc; path = NIMaskTests.m; sourceTree = "<group>"; };
/* End PBXFileReference section */

/* Begin PBXFrameworksBuildPhase section */
		4F151ED71B1CC8D000C8F767 /* Frameworks */ = {
			isa = PBXFrameworksBuildPhase;
			buildActionMask = 2147483647;
			files = (
				4F151F621B1CCC9200C8F767 /* Cocoa.framework in Frameworks */,
				4F151F601B1CCC8C00C8F767 /* AppKit.framework in Frameworks */,
				4F151F5E1B1CCC8100C8F767 /* Quartz.framework in Frameworks */,
				4F151F5C1B1CCC7600C8F767 /* QuartzCore.framework in Frameworks */,
				4F151F5A1B1CCC6D00C8F767 /* OpenGL.framework in Frameworks */,
			);
			runOnlyForDeploymentPostprocessing = 0;
		};
		71F51E4A1BA00C2E00DF26AC /* Frameworks */ = {
			isa = PBXFrameworksBuildPhase;
			buildActionMask = 2147483647;
			files = (
				71F51E531BA00C2E00DF26AC /* NIBuildingBlocks.framework in Frameworks */,
			);
			runOnlyForDeploymentPostprocessing = 0;
		};
/* End PBXFrameworksBuildPhase section */

/* Begin PBXGroup section */
		4F151ED11B1CC8D000C8F767 = {
			isa = PBXGroup;
			children = (
				716428AA1C11990F0056E466 /* NIBuildingBlocks.pch */,
				4F151EE01B1CC8D000C8F767 /* NIBuildingBlocks.h */,
				4F151EDD1B1CC8D000C8F767 /* NIBuildingBlocks */,
				71F51E4E1BA00C2E00DF26AC /* NIBuildingBlocks Tests */,
				4F151EDC1B1CC8D000C8F767 /* Products */,
				71D4B94A1E0295E700A54AD0 /* OptimizationProfiles */,
			);
			sourceTree = "<group>";
		};
		4F151EDC1B1CC8D000C8F767 /* Products */ = {
			isa = PBXGroup;
			children = (
				4F151EDB1B1CC8D000C8F767 /* NIBuildingBlocks.framework */,
				71F51E4D1BA00C2E00DF26AC /* NIBuildingBlocks Tests.xctest */,
			);
			name = Products;
			sourceTree = "<group>";
		};
		4F151EDD1B1CC8D000C8F767 /* NIBuildingBlocks */ = {
			isa = PBXGroup;
			children = (
				4F151F301B1CCB3F00C8F767 /* NIVolumeData.h */,
				4F151F311B1CCB3F00C8F767 /* NIVolumeData.m */,
				7106843D1B678D800078903A /* NIMask.h */,
				7106843E1B678D800078903A /* NIMask.m */,
				71DFA2C81B6FC77E008AB997 /* NIMaskData.h */,
				71DFA2C91B6FC77E008AB997 /* NIMaskData.m */,
				4F151F7A1B1CD35C00C8F767 /* NIImageReps */,
				4F151F751B1CD01900C8F767 /* NIGeometry */,
				4F151F2F1B1CCAD200C8F767 /* NIGenerator */,
				4F151F1A1B1CCA3000C8F767 /* NIGeneratorRequestView */,
				71F45D191BF1E1B000CABED3 /* Storage */,
				4F151F7B1B1CD3F800C8F767 /* Goodies */,
				4FB4E3941CB83F7B003F082A /* Private */,
				4F151F631B1CCEE100C8F767 /* OsiriX Integration */,
				4F151EDE1B1CC8D000C8F767 /* Supporting Files */,
			);
			path = NIBuildingBlocks;
			sourceTree = "<group>";
		};
		4F151EDE1B1CC8D000C8F767 /* Supporting Files */ = {
			isa = PBXGroup;
			children = (
				4F094E711B2455C20009297A /* ContrastTemplate@2x.tiff */,
				4F094E731B24578D0009297A /* ContrastTemplate.tiff */,
				4F151F681B1CCFB300C8F767 /* Frameworks */,
				4F151EDF1B1CC8D000C8F767 /* Info.plist */,
			);
			name = "Supporting Files";
			sourceTree = "<group>";
		};
		4F151EF71B1CC9EC00C8F767 /* NIGeneratorViewPrivate */ = {
			isa = PBXGroup;
			children = (
				4F4409B41B21A0F6006AC3B6 /* NIWindowingView.h */,
				4F4409B51B21A0F6006AC3B6 /* NIWindowingView.m */,
				4F151EF81B1CCA1400C8F767 /* NIGeneratorRequestLayer.h */,
				4F151EF91B1CCA1400C8F767 /* NIGeneratorRequestLayer.m */,
				4FF07D8E1B24C30D00380630 /* NITextLabelGroupLayer.h */,
				4FF07D8F1B24C30D00380630 /* NITextLabelGroupLayer.m */,
				4F151EFA1B1CCA1400C8F767 /* NIOrientationTextLayer.h */,
				719473711B1DA0F1009363AE /* NIOrientationTextLayer.m */,
				4F151EFC1B1CCA1400C8F767 /* NIAnnotationTextLayer.h */,
				4F151EFD1B1CCA1400C8F767 /* NIAnnotationTextLayer.m */,
				4F151EFE1B1CCA1400C8F767 /* NIObliqueSliceIntersectionLayer.h */,
				4F151EFF1B1CCA1400C8F767 /* NIObliqueSliceIntersectionLayer.m */,
				4F151F001B1CCA1400C8F767 /* NIScaleBarLayer.h */,
				4F151F011B1CCA1400C8F767 /* NIScaleBarLayer.m */,
				4F151F021B1CCA1400C8F767 /* NIMouseBullseyeLayer.h */,
				4F151F031B1CCA1400C8F767 /* NIMouseBullseyeLayer.m */,
				4F151F041B1CCA1400C8F767 /* NIIntersectionPrivate.h */,
				4F151F051B1CCA1400C8F767 /* NISpritePrivate.h */,
				4F151F061B1CCA1400C8F767 /* NIVolumeDataPropertiesPrivate.h */,
			);
			name = NIGeneratorViewPrivate;
			sourceTree = "<group>";
		};
		4F151F1A1B1CCA3000C8F767 /* NIGeneratorRequestView */ = {
			isa = PBXGroup;
			children = (
				4F151F161B1CCA2600C8F767 /* NIGeneratorRequestView.h */,
				4F151F171B1CCA2600C8F767 /* NIGeneratorRequestView.m */,
				4F151F1B1B1CCA6200C8F767 /* NIVolumeDataProperties.h */,
				4F151F1C1B1CCA6200C8F767 /* NIVolumeDataProperties.m */,
				4F151F1D1B1CCA6200C8F767 /* NIIntersection.h */,
				4F151F1E1B1CCA6200C8F767 /* NIIntersection.m */,
				4F151F1F1B1CCA6200C8F767 /* NISprite.h */,
				4F151F201B1CCA6200C8F767 /* NISprite.m */,
				4F0727DF1B20A5F600F88B7D /* NIWindowLevelWindowWidthToolbarItem.h */,
				4F0727E01B20A5F600F88B7D /* NIWindowLevelWindowWidthToolbarItem.m */,
				4F1E60971B20D54F0053A79F /* NIWindowLevelWindowWidthToolbarItem.xib */,
				4F151EF71B1CC9EC00C8F767 /* NIGeneratorViewPrivate */,
			);
			name = NIGeneratorRequestView;
			sourceTree = "<group>";
		};
		4F151F2F1B1CCAD200C8F767 /* NIGenerator */ = {
			isa = PBXGroup;
			children = (
				4F151F381B1CCB8E00C8F767 /* NIGenerator.h */,
				4F151F391B1CCB8E00C8F767 /* NIGenerator.m */,
				4F151F3C1B1CCB8E00C8F767 /* NIGeneratorRequest.h */,
				4F151F3D1B1CCB8E00C8F767 /* NIGeneratorRequest.m */,
				4F151F581B1CCC1400C8F767 /* NIGeneratorPrivate */,
			);
			name = NIGenerator;
			sourceTree = "<group>";
		};
		4F151F581B1CCC1400C8F767 /* NIGeneratorPrivate */ = {
			isa = PBXGroup;
			children = (
				4F151F3A1B1CCB8E00C8F767 /* NIGeneratorOperation.h */,
				4F151F3B1B1CCB8E00C8F767 /* NIGeneratorOperation.m */,
				4F151F441B1CCC0100C8F767 /* NIHorizontalFillOperation.h */,
				4F151F451B1CCC0100C8F767 /* NIHorizontalFillOperation.m */,
				4F151F461B1CCC0100C8F767 /* NIObliqueSliceOperation.h */,
				4F151F471B1CCC0100C8F767 /* NIObliqueSliceOperation.m */,
				4F151F481B1CCC0100C8F767 /* NIProjectionOperation.h */,
				4F151F491B1CCC0100C8F767 /* NIProjectionOperation.m */,
				4F151F4A1B1CCC0100C8F767 /* NIStraightenedOperation.h */,
				4F151F4B1B1CCC0100C8F767 /* NIStraightenedOperation.m */,
				4F151F4C1B1CCC0100C8F767 /* NIStretchedOperation.h */,
				4F151F4D1B1CCC0100C8F767 /* NIStretchedOperation.m */,
				4F806ACF1CC12B55009AF7C2 /* NIGeneratorOperationPrivate.h */,
			);
			name = NIGeneratorPrivate;
			sourceTree = "<group>";
		};
		4F151F631B1CCEE100C8F767 /* OsiriX Integration */ = {
			isa = PBXGroup;
			children = (
				4F151F641B1CCF1B00C8F767 /* OsiriXIntegration.h */,
				4F151F651B1CCF1B00C8F767 /* OsiriXIntegration.m */,
			);
			name = "OsiriX Integration";
			sourceTree = "<group>";
		};
		4F151F681B1CCFB300C8F767 /* Frameworks */ = {
			isa = PBXGroup;
			children = (
				4F151F611B1CCC9200C8F767 /* Cocoa.framework */,
				4F151F5F1B1CCC8C00C8F767 /* AppKit.framework */,
				4F151F5D1B1CCC8100C8F767 /* Quartz.framework */,
				4F151F5B1B1CCC7600C8F767 /* QuartzCore.framework */,
				4F151F591B1CCC6D00C8F767 /* OpenGL.framework */,
			);
			name = Frameworks;
			sourceTree = "<group>";
		};
		4F151F751B1CD01900C8F767 /* NIGeometry */ = {
			isa = PBXGroup;
			children = (
				4F151F341B1CCB6900C8F767 /* NIGeometry.h */,
				4F151F351B1CCB6900C8F767 /* NIGeometry.m */,
				4F151F691B1CCFDA00C8F767 /* NIBezierCore.h */,
				4F151F6A1B1CCFDA00C8F767 /* NIBezierCore.m */,
				4F151F6B1B1CCFDA00C8F767 /* NIBezierCoreAdditions.h */,
				4F151F6C1B1CCFDA00C8F767 /* NIBezierCoreAdditions.m */,
				4F151F6D1B1CCFDA00C8F767 /* NIBezierPath.h */,
				4F151F6E1B1CCFDA00C8F767 /* NIBezierPath.m */,
			);
			name = NIGeometry;
			sourceTree = "<group>";
		};
		4F151F7A1B1CD35C00C8F767 /* NIImageReps */ = {
			isa = PBXGroup;
			children = (
				4F151F271B1CCA8D00C8F767 /* NIFloatImageRep.h */,
				4F151F281B1CCA8D00C8F767 /* NIFloatImageRep.m */,
				4F151F761B1CD35600C8F767 /* NIUnsignedInt16ImageRep.h */,
				4F151F771B1CD35600C8F767 /* NIUnsignedInt16ImageRep.m */,
			);
			name = NIImageReps;
			sourceTree = "<group>";
		};
		4F151F7B1B1CD3F800C8F767 /* Goodies */ = {
			isa = PBXGroup;
			children = (
				4F151F8E1B1CFB2E00C8F767 /* NSBezierPath+NI.h */,
				4F151F8F1B1CFB2E00C8F767 /* NSBezierPath+NI.m */,
				4F4B28361BD022560033906D /* NIAgeFormatter.h */,
				4F4B28371BD022560033906D /* NIAgeFormatter.m */,
			);
			name = Goodies;
			sourceTree = "<group>";
		};
		4FB4E3941CB83F7B003F082A /* Private */ = {
			isa = PBXGroup;
			children = (
				710684421B678FD30078903A /* NIMaskRunStack.h */,
				710684431B678FD30078903A /* NIMaskRunStack.m */,
			);
			name = Private;
			sourceTree = "<group>";
		};
		4FCB58B91C56990500718CCF /* StoragePrivate */ = {
			isa = PBXGroup;
			children = (
				4FCB58BA1C57D37900718CCF /* NIStorage+Private.h */,
				4F7403791C5A87D9009C40D2 /* NIStorageBox.h */,
				4F74037A1C5A87D9009C40D2 /* NIStorageBox.m */,
				4FCB58171C551C5E00718CCF /* NIStorageModel.xcdatamodeld */,
				4FCB588F1C5523F700718CCF /* NIStorageEntities.h */,
				4FCB58901C5523F700718CCF /* NIStorageEntities.m */,
				4FCB58B51C568F8000718CCF /* NIStorageCoordinator.h */,
				4FCB58B61C568F8000718CCF /* NIStorageCoordinator.m */,
			);
			name = StoragePrivate;
			sourceTree = "<group>";
		};
		71D4B94A1E0295E700A54AD0 /* OptimizationProfiles */ = {
			isa = PBXGroup;
			children = (
				71D4B94B1E0295E700A54AD0 /* NIBuildingBlocks.profdata */,
			);
			path = OptimizationProfiles;
			sourceTree = "<group>";
		};
		71F45D191BF1E1B000CABED3 /* Storage */ = {
			isa = PBXGroup;
			children = (
				7194D0851BE0EE3A00563DEC /* NIStorage.h */,
				7194D0861BE0EE3A00563DEC /* NIStorage.m */,
				4FCB58B91C56990500718CCF /* StoragePrivate */,
			);
			name = Storage;
			sourceTree = "<group>";
		};
		71F51E4E1BA00C2E00DF26AC /* NIBuildingBlocks Tests */ = {
			isa = PBXGroup;
			children = (
				71F51E511BA00C2E00DF26AC /* NIMaskTests.m */,
				71A8B4681BA953DD0013D45E /* NIGeometryTests.m */,
				71F51E4F1BA00C2E00DF26AC /* Supporting Files */,
			);
			path = "NIBuildingBlocks Tests";
			sourceTree = "<group>";
		};
		71F51E4F1BA00C2E00DF26AC /* Supporting Files */ = {
			isa = PBXGroup;
			children = (
				71F51E501BA00C2E00DF26AC /* Info.plist */,
			);
			name = "Supporting Files";
			sourceTree = "<group>";
		};
/* End PBXGroup section */

/* Begin PBXHeadersBuildPhase section */
		4F151ED81B1CC8D000C8F767 /* Headers */ = {
			isa = PBXHeadersBuildPhase;
			buildActionMask = 2147483647;
			files = (
				4F151EE11B1CC8D000C8F767 /* NIBuildingBlocks.h in Headers */,
				4F74037B1C5A87D9009C40D2 /* NIStorageBox.h in Headers */,
				4F151F401B1CCB8E00C8F767 /* NIGeneratorOperation.h in Headers */,
				4F151F3E1B1CCB8E00C8F767 /* NIGenerator.h in Headers */,
				4F151F181B1CCA2600C8F767 /* NIGeneratorRequestView.h in Headers */,
				4F151F421B1CCB8E00C8F767 /* NIGeneratorRequest.h in Headers */,
				4F151F6F1B1CCFDA00C8F767 /* NIBezierCore.h in Headers */,
				4F151F321B1CCB3F00C8F767 /* NIVolumeData.h in Headers */,
				4F151F251B1CCA6200C8F767 /* NISprite.h in Headers */,
				4F151F231B1CCA6200C8F767 /* NIIntersection.h in Headers */,
				4F151F661B1CCF1B00C8F767 /* OsiriXIntegration.h in Headers */,
				4F151F291B1CCA8D00C8F767 /* NIFloatImageRep.h in Headers */,
				4F151F781B1CD35600C8F767 /* NIUnsignedInt16ImageRep.h in Headers */,
				4F151F361B1CCB6900C8F767 /* NIGeometry.h in Headers */,
				4F151F711B1CCFDA00C8F767 /* NIBezierCoreAdditions.h in Headers */,
				4F151F731B1CCFDA00C8F767 /* NIBezierPath.h in Headers */,
				4F151F211B1CCA6200C8F767 /* NIVolumeDataProperties.h in Headers */,
				4F151F901B1CFB2E00C8F767 /* NSBezierPath+NI.h in Headers */,
				7106843F1B678D800078903A /* NIMask.h in Headers */,
				710684441B678FD30078903A /* NIMaskRunStack.h in Headers */,
				71DFA2CA1B6FC77E008AB997 /* NIMaskData.h in Headers */,
				4F4B28381BD022560033906D /* NIAgeFormatter.h in Headers */,
				4FCB58AB1C5523F700718CCF /* NIStorageEntities.h in Headers */,
				4F151F071B1CCA1400C8F767 /* NIGeneratorRequestLayer.h in Headers */,
				4F0727E11B20A5F600F88B7D /* NIWindowLevelWindowWidthToolbarItem.h in Headers */,
				4FF07D901B24C30D00380630 /* NITextLabelGroupLayer.h in Headers */,
				7194D0871BE0EE3A00563DEC /* NIStorage.h in Headers */,
				4F151F0D1B1CCA1400C8F767 /* NIObliqueSliceIntersectionLayer.h in Headers */,
				4F151F091B1CCA1400C8F767 /* NIOrientationTextLayer.h in Headers */,
				4F151F0B1B1CCA1400C8F767 /* NIAnnotationTextLayer.h in Headers */,
				4F151F0F1B1CCA1400C8F767 /* NIScaleBarLayer.h in Headers */,
				4F151F111B1CCA1400C8F767 /* NIMouseBullseyeLayer.h in Headers */,
				4F151F501B1CCC0100C8F767 /* NIObliqueSliceOperation.h in Headers */,
				4FCB58B71C568F8000718CCF /* NIStorageCoordinator.h in Headers */,
				4F151F561B1CCC0100C8F767 /* NIStretchedOperation.h in Headers */,
				4F2EEA611C5C348200DF2227 /* NIStorage+Private.h in Headers */,
				4F151F141B1CCA1400C8F767 /* NISpritePrivate.h in Headers */,
				4F151F151B1CCA1400C8F767 /* NIVolumeDataPropertiesPrivate.h in Headers */,
				4F151F131B1CCA1400C8F767 /* NIIntersectionPrivate.h in Headers */,
				4F151F521B1CCC0100C8F767 /* NIProjectionOperation.h in Headers */,
				4F151F541B1CCC0100C8F767 /* NIStraightenedOperation.h in Headers */,
				4F151F4E1B1CCC0100C8F767 /* NIHorizontalFillOperation.h in Headers */,
				4F4409B61B21A0F6006AC3B6 /* NIWindowingView.h in Headers */,
				4F806AD11CC12B55009AF7C2 /* NIGeneratorOperationPrivate.h in Headers */,
			);
			runOnlyForDeploymentPostprocessing = 0;
		};
/* End PBXHeadersBuildPhase section */

/* Begin PBXNativeTarget section */
		4F151EDA1B1CC8D000C8F767 /* NIBuildingBlocks */ = {
			isa = PBXNativeTarget;
			buildConfigurationList = 4F151EF11B1CC8D000C8F767 /* Build configuration list for PBXNativeTarget "NIBuildingBlocks" */;
			buildPhases = (
				4F151ED61B1CC8D000C8F767 /* Sources */,
				4F151ED71B1CC8D000C8F767 /* Frameworks */,
				4F151ED81B1CC8D000C8F767 /* Headers */,
				4F151ED91B1CC8D000C8F767 /* Resources */,
			);
			buildRules = (
			);
			dependencies = (
			);
			name = NIBuildingBlocks;
			productName = NIBuildingBlocks;
			productReference = 4F151EDB1B1CC8D000C8F767 /* NIBuildingBlocks.framework */;
			productType = "com.apple.product-type.framework";
		};
		71F51E4C1BA00C2E00DF26AC /* NIBuildingBlocks Tests */ = {
			isa = PBXNativeTarget;
			buildConfigurationList = 71F51E561BA00C2E00DF26AC /* Build configuration list for PBXNativeTarget "NIBuildingBlocks Tests" */;
			buildPhases = (
				71F51E491BA00C2E00DF26AC /* Sources */,
				71F51E4A1BA00C2E00DF26AC /* Frameworks */,
				71F51E4B1BA00C2E00DF26AC /* Resources */,
			);
			buildRules = (
			);
			dependencies = (
				71F51E551BA00C2E00DF26AC /* PBXTargetDependency */,
			);
			name = "NIBuildingBlocks Tests";
			productName = "NIBuildingBlocks Tests";
			productReference = 71F51E4D1BA00C2E00DF26AC /* NIBuildingBlocks Tests.xctest */;
			productType = "com.apple.product-type.bundle.unit-test";
		};
/* End PBXNativeTarget section */

/* Begin PBXProject section */
		4F151ED21B1CC8D000C8F767 /* Project object */ = {
			isa = PBXProject;
			attributes = {
				LastUpgradeCheck = 0820;
				ORGANIZATIONNAME = "Spaltenstein Natural Image";
				TargetAttributes = {
					4F151EDA1B1CC8D000C8F767 = {
						CreatedOnToolsVersion = 6.3.1;
					};
					4F4DB6971D9962DB00317088 = {
						CreatedOnToolsVersion = 8.0;
						ProvisioningStyle = Automatic;
					};
					71F51E4C1BA00C2E00DF26AC = {
						CreatedOnToolsVersion = 6.4;
					};
				};
			};
			buildConfigurationList = 4F151ED51B1CC8D000C8F767 /* Build configuration list for PBXProject "NIBuildingBlocks" */;
			compatibilityVersion = "Xcode 3.2";
			developmentRegion = English;
			hasScannedForEncodings = 0;
			knownRegions = (
				en,
			);
			mainGroup = 4F151ED11B1CC8D000C8F767;
			productRefGroup = 4F151EDC1B1CC8D000C8F767 /* Products */;
			projectDirPath = "";
			projectRoot = "";
			targets = (
				4F151EDA1B1CC8D000C8F767 /* NIBuildingBlocks */,
				71F51E4C1BA00C2E00DF26AC /* NIBuildingBlocks Tests */,
				4F4DB6971D9962DB00317088 /* Documentation */,
			);
		};
/* End PBXProject section */

/* Begin PBXResourcesBuildPhase section */
		4F151ED91B1CC8D000C8F767 /* Resources */ = {
			isa = PBXResourcesBuildPhase;
			buildActionMask = 2147483647;
			files = (
				4F1E60981B20D54F0053A79F /* NIWindowLevelWindowWidthToolbarItem.xib in Resources */,
				4F094E741B24578D0009297A /* ContrastTemplate.tiff in Resources */,
				4F094E721B2455C20009297A /* ContrastTemplate@2x.tiff in Resources */,
			);
			runOnlyForDeploymentPostprocessing = 0;
		};
		71F51E4B1BA00C2E00DF26AC /* Resources */ = {
			isa = PBXResourcesBuildPhase;
			buildActionMask = 2147483647;
			files = (
			);
			runOnlyForDeploymentPostprocessing = 0;
		};
/* End PBXResourcesBuildPhase section */

/* Begin PBXShellScriptBuildPhase section */
		4F4DB69B1D9962E600317088 /* ShellScript */ = {
			isa = PBXShellScriptBuildPhase;
			buildActionMask = 2147483647;
			files = (
			);
			inputPaths = (
			);
			outputPaths = (
			);
			runOnlyForDeploymentPostprocessing = 0;
			shellPath = /bin/sh;
			shellScript = "#appledoc Xcode script\n# Start constants\ncompany=\"Spaltenstein Natural Image\";\ncompanyID=\"ch.naturalimage\";\ncompanyURL=\"http://download.naturalimage.ch\";\n#target=\"iphoneos\";\ntarget=\"macosx\";\noutputPath=\"~/help\";\n# End constants\n/usr/local/bin/appledoc \\\n--project-version 1.0 \\\n--project-name \"NIBuildingBlocks\" \\\n--project-company \"Spaltenstein Natural Image\" \\\n--company-id \"ch.naturalimage\" \\\n--docset-atom-filename \"NIBB.atom\" \\\n--docset-feed-url \"https://download.naturalimage.ch/NIBB/%DOCSETATOMFILENAME\" \\\n--docset-package-url \"https://download.naturalimage.ch/NIBB/%DOCSETPACKAGEFILENAME\" \\\n--docset-fallback-url \"https://download.naturalimage.ch\" \\\n--output \"${outputPath}\" \\\n--publish-docset \\\n--docset-platform-family \"${target}\" \\\n--logformat xcode \\\n--keep-intermediate-files \\\n--no-repeat-first-par \\\n--no-warn-invalid-crossref \\\n--exit-threshold 2 \\\n\"${PROJECT_DIR}\"";
		};
/* End PBXShellScriptBuildPhase section */

/* Begin PBXSourcesBuildPhase section */
		4F151ED61B1CC8D000C8F767 /* Sources */ = {
			isa = PBXSourcesBuildPhase;
			buildActionMask = 2147483647;
			files = (
				4F151F221B1CCA6200C8F767 /* NIVolumeDataProperties.m in Sources */,
				4F151F3F1B1CCB8E00C8F767 /* NIGenerator.m in Sources */,
				4F151F101B1CCA1400C8F767 /* NIScaleBarLayer.m in Sources */,
				4F151F241B1CCA6200C8F767 /* NIIntersection.m in Sources */,
				4F151F531B1CCC0100C8F767 /* NIProjectionOperation.m in Sources */,
				4F151F791B1CD35600C8F767 /* NIUnsignedInt16ImageRep.m in Sources */,
				710684401B678D800078903A /* NIMask.m in Sources */,
				710684451B678FD30078903A /* NIMaskRunStack.m in Sources */,
				4F151F701B1CCFDA00C8F767 /* NIBezierCore.m in Sources */,
				7194D0881BE0EE3A00563DEC /* NIStorage.m in Sources */,
				4F4B28391BD022560033906D /* NIAgeFormatter.m in Sources */,
				4F4409B71B21A0F6006AC3B6 /* NIWindowingView.m in Sources */,
				4F151F081B1CCA1400C8F767 /* NIGeneratorRequestLayer.m in Sources */,
				4F74037C1C5A87D9009C40D2 /* NIStorageBox.m in Sources */,
				4F151F571B1CCC0100C8F767 /* NIStretchedOperation.m in Sources */,
				4F151F431B1CCB8E00C8F767 /* NIGeneratorRequest.m in Sources */,
				4F151F0C1B1CCA1400C8F767 /* NIAnnotationTextLayer.m in Sources */,
				4F151F331B1CCB3F00C8F767 /* NIVolumeData.m in Sources */,
				4FCB58B81C568F8000718CCF /* NIStorageCoordinator.m in Sources */,
				4FCB58191C551C5E00718CCF /* NIStorageModel.xcdatamodeld in Sources */,
				4F151F741B1CCFDA00C8F767 /* NIBezierPath.m in Sources */,
				4FCB58AC1C5523F700718CCF /* NIStorageEntities.m in Sources */,
				4F151F721B1CCFDA00C8F767 /* NIBezierCoreAdditions.m in Sources */,
				4F151F191B1CCA2600C8F767 /* NIGeneratorRequestView.m in Sources */,
				4F151F511B1CCC0100C8F767 /* NIObliqueSliceOperation.m in Sources */,
				4F151F121B1CCA1400C8F767 /* NIMouseBullseyeLayer.m in Sources */,
				4F151F551B1CCC0100C8F767 /* NIStraightenedOperation.m in Sources */,
				71DFA2CB1B6FC77E008AB997 /* NIMaskData.m in Sources */,
				4F0727E21B20A5F600F88B7D /* NIWindowLevelWindowWidthToolbarItem.m in Sources */,
				4F151F261B1CCA6200C8F767 /* NISprite.m in Sources */,
				4F151F4F1B1CCC0100C8F767 /* NIHorizontalFillOperation.m in Sources */,
				4F151F371B1CCB6900C8F767 /* NIGeometry.m in Sources */,
				719473721B1DA0F1009363AE /* NIOrientationTextLayer.m in Sources */,
				4F151F671B1CCF1B00C8F767 /* OsiriXIntegration.m in Sources */,
				4F151F911B1CFB2E00C8F767 /* NSBezierPath+NI.m in Sources */,
				4F151F0E1B1CCA1400C8F767 /* NIObliqueSliceIntersectionLayer.m in Sources */,
				4F151F2A1B1CCA8D00C8F767 /* NIFloatImageRep.m in Sources */,
				4FF07D911B24C30D00380630 /* NITextLabelGroupLayer.m in Sources */,
				4F151F411B1CCB8E00C8F767 /* NIGeneratorOperation.m in Sources */,
			);
			runOnlyForDeploymentPostprocessing = 0;
		};
		71F51E491BA00C2E00DF26AC /* Sources */ = {
			isa = PBXSourcesBuildPhase;
			buildActionMask = 2147483647;
			files = (
				71A8B4691BA953DD0013D45E /* NIGeometryTests.m in Sources */,
				71F51E521BA00C2E00DF26AC /* NIMaskTests.m in Sources */,
			);
			runOnlyForDeploymentPostprocessing = 0;
		};
/* End PBXSourcesBuildPhase section */

/* Begin PBXTargetDependency section */
		71F51E551BA00C2E00DF26AC /* PBXTargetDependency */ = {
			isa = PBXTargetDependency;
			target = 4F151EDA1B1CC8D000C8F767 /* NIBuildingBlocks */;
			targetProxy = 71F51E541BA00C2E00DF26AC /* PBXContainerItemProxy */;
		};
/* End PBXTargetDependency section */

/* Begin XCBuildConfiguration section */
		4F151EEF1B1CC8D000C8F767 /* Debug */ = {
			isa = XCBuildConfiguration;
			buildSettings = {
				ALWAYS_SEARCH_USER_PATHS = NO;
				CLANG_ANALYZER_NONNULL = YES;
				CLANG_ANALYZER_SECURITY_INSECUREAPI_STRCPY = YES;
				CLANG_CXX_LANGUAGE_STANDARD = "gnu++0x";
				CLANG_CXX_LIBRARY = "libc++";
				CLANG_ENABLE_MODULES = YES;
				CLANG_WARN_BOOL_CONVERSION = YES;
				CLANG_WARN_CONSTANT_CONVERSION = YES;
				CLANG_WARN_DEPRECATED_OBJC_IMPLEMENTATIONS = YES;
				CLANG_WARN_DIRECT_OBJC_ISA_USAGE = YES_ERROR;
				CLANG_WARN_EMPTY_BODY = YES;
				CLANG_WARN_ENUM_CONVERSION = YES;
				CLANG_WARN_INFINITE_RECURSION = YES;
				CLANG_WARN_INT_CONVERSION = YES;
				CLANG_WARN_OBJC_MISSING_PROPERTY_SYNTHESIS = YES;
				CLANG_WARN_OBJC_ROOT_CLASS = YES_ERROR;
				CLANG_WARN_SUSPICIOUS_MOVE = YES;
				CLANG_WARN_UNREACHABLE_CODE = YES;
				CLANG_WARN__DUPLICATE_METHOD_MATCH = YES;
				COPY_PHASE_STRIP = NO;
				CURRENT_PROJECT_VERSION = 1;
				DEBUG_INFORMATION_FORMAT = dwarf;
				ENABLE_STRICT_OBJC_MSGSEND = YES;
				ENABLE_TESTABILITY = YES;
				GCC_C_LANGUAGE_STANDARD = gnu89;
				GCC_DYNAMIC_NO_PIC = NO;
				GCC_NO_COMMON_BLOCKS = YES;
				GCC_OPTIMIZATION_LEVEL = 0;
				GCC_PRECOMPILE_PREFIX_HEADER = YES;
				GCC_PREFIX_HEADER = NIBuildingBlocks/NIBuildingBlocks.pch;
				GCC_PREPROCESSOR_DEFINITIONS = (
					"DEBUG=1",
					"$(inherited)",
				);
				GCC_SYMBOLS_PRIVATE_EXTERN = NO;
				GCC_WARN_64_TO_32_BIT_CONVERSION = YES;
				GCC_WARN_ABOUT_MISSING_FIELD_INITIALIZERS = YES;
				GCC_WARN_ABOUT_RETURN_TYPE = YES_ERROR;
				GCC_WARN_SHADOW = YES;
				GCC_WARN_STRICT_SELECTOR_MATCH = YES;
				GCC_WARN_UNDECLARED_SELECTOR = YES;
				GCC_WARN_UNINITIALIZED_AUTOS = YES_AGGRESSIVE;
				GCC_WARN_UNUSED_FUNCTION = YES;
				GCC_WARN_UNUSED_VARIABLE = YES;
				MACOSX_DEPLOYMENT_TARGET = 10.9;
				MOMC_NO_DELETE_RULE_WARNINGS = YES;
				MOMC_NO_INVERSE_RELATIONSHIP_WARNINGS = YES;
				MOMC_NO_MAX_PROPERTY_COUNT_WARNINGS = YES;
				MOMC_SUPPRESS_INVERSE_TRANSIENT_ERROR = YES;
				MTL_ENABLE_DEBUG_INFO = YES;
				ONLY_ACTIVE_ARCH = YES;
				SDKROOT = macosx;
				SKIP_INSTALL = YES;
				VERSIONING_SYSTEM = "apple-generic";
				VERSION_INFO_PREFIX = "";
			};
			name = Debug;
		};
		4F151EF01B1CC8D000C8F767 /* Release */ = {
			isa = XCBuildConfiguration;
			buildSettings = {
				ALWAYS_SEARCH_USER_PATHS = NO;
				CLANG_ANALYZER_NONNULL = YES;
				CLANG_ANALYZER_SECURITY_INSECUREAPI_STRCPY = YES;
				CLANG_CXX_LANGUAGE_STANDARD = "gnu++0x";
				CLANG_CXX_LIBRARY = "libc++";
				CLANG_ENABLE_MODULES = YES;
				CLANG_WARN_BOOL_CONVERSION = YES;
				CLANG_WARN_CONSTANT_CONVERSION = YES;
				CLANG_WARN_DEPRECATED_OBJC_IMPLEMENTATIONS = YES;
				CLANG_WARN_DIRECT_OBJC_ISA_USAGE = YES_ERROR;
				CLANG_WARN_EMPTY_BODY = YES;
				CLANG_WARN_ENUM_CONVERSION = YES;
				CLANG_WARN_INFINITE_RECURSION = YES;
				CLANG_WARN_INT_CONVERSION = YES;
				CLANG_WARN_OBJC_MISSING_PROPERTY_SYNTHESIS = YES;
				CLANG_WARN_OBJC_ROOT_CLASS = YES_ERROR;
				CLANG_WARN_SUSPICIOUS_MOVE = YES;
				CLANG_WARN_UNREACHABLE_CODE = YES;
				CLANG_WARN__DUPLICATE_METHOD_MATCH = YES;
				COPY_PHASE_STRIP = NO;
				CURRENT_PROJECT_VERSION = 1;
				DEBUG_INFORMATION_FORMAT = "dwarf-with-dsym";
				ENABLE_NS_ASSERTIONS = NO;
				ENABLE_STRICT_OBJC_MSGSEND = YES;
				GCC_C_LANGUAGE_STANDARD = gnu89;
				GCC_NO_COMMON_BLOCKS = YES;
				GCC_OPTIMIZATION_LEVEL = fast;
				GCC_PRECOMPILE_PREFIX_HEADER = YES;
				GCC_PREFIX_HEADER = NIBuildingBlocks/NIBuildingBlocks.pch;
				GCC_PREPROCESSOR_DEFINITIONS = "NDEBUG=1";
				GCC_WARN_64_TO_32_BIT_CONVERSION = YES;
				GCC_WARN_ABOUT_MISSING_FIELD_INITIALIZERS = YES;
				GCC_WARN_ABOUT_RETURN_TYPE = YES_ERROR;
				GCC_WARN_SHADOW = YES;
				GCC_WARN_STRICT_SELECTOR_MATCH = YES;
				GCC_WARN_UNDECLARED_SELECTOR = YES;
				GCC_WARN_UNINITIALIZED_AUTOS = YES_AGGRESSIVE;
				GCC_WARN_UNUSED_FUNCTION = YES;
				GCC_WARN_UNUSED_VARIABLE = YES;
				MACOSX_DEPLOYMENT_TARGET = 10.9;
				MOMC_NO_DELETE_RULE_WARNINGS = YES;
				MOMC_NO_INVERSE_RELATIONSHIP_WARNINGS = YES;
				MOMC_NO_MAX_PROPERTY_COUNT_WARNINGS = YES;
				MOMC_SUPPRESS_INVERSE_TRANSIENT_ERROR = YES;
				MTL_ENABLE_DEBUG_INFO = NO;
				SDKROOT = macosx;
				SKIP_INSTALL = YES;
				VERSIONING_SYSTEM = "apple-generic";
				VERSION_INFO_PREFIX = "";
			};
			name = Release;
		};
		4F151EF21B1CC8D000C8F767 /* Debug */ = {
			isa = XCBuildConfiguration;
			buildSettings = {
				APPLICATION_EXTENSION_API_ONLY = NO;
				CLANG_USE_OPTIMIZATION_PROFILE = YES;
				COMBINE_HIDPI_IMAGES = YES;
				DEFINES_MODULE = YES;
				DYLIB_COMPATIBILITY_VERSION = 1;
				DYLIB_CURRENT_VERSION = 1;
				FRAMEWORK_VERSION = A;
				INFOPLIST_FILE = NIBuildingBlocks/Info.plist;
				LD_DYLIB_INSTALL_NAME = "@rpath/$(PRODUCT_NAME).framework/Versions/A/$(PRODUCT_NAME)";
				LD_RUNPATH_SEARCH_PATHS = "$(inherited) @executable_path/../Frameworks @executable_path/Frameworks @loader_path/../Frameworks @loader_path/Frameworks";
				LLVM_LTO = YES;
				PRODUCT_BUNDLE_IDENTIFIER = "ch.naturalimage.$(PRODUCT_NAME:rfc1034identifier)";
				PRODUCT_NAME = "$(TARGET_NAME)";
			};
			name = Debug;
		};
		4F151EF31B1CC8D000C8F767 /* Release */ = {
			isa = XCBuildConfiguration;
			buildSettings = {
				APPLICATION_EXTENSION_API_ONLY = NO;
				CLANG_USE_OPTIMIZATION_PROFILE = YES;
				COMBINE_HIDPI_IMAGES = YES;
				DEFINES_MODULE = YES;
				DYLIB_COMPATIBILITY_VERSION = 1;
				DYLIB_CURRENT_VERSION = 1;
				FRAMEWORK_VERSION = A;
				INFOPLIST_FILE = NIBuildingBlocks/Info.plist;
				LD_DYLIB_INSTALL_NAME = "@rpath/$(PRODUCT_NAME).framework/Versions/A/$(PRODUCT_NAME)";
				LD_RUNPATH_SEARCH_PATHS = "$(inherited) @executable_path/../Frameworks @executable_path/Frameworks @loader_path/../Frameworks @loader_path/Frameworks";
				LLVM_LTO = YES;
				PRODUCT_BUNDLE_IDENTIFIER = "ch.naturalimage.$(PRODUCT_NAME:rfc1034identifier)";
				PRODUCT_NAME = "$(TARGET_NAME)";
			};
			name = Release;
		};
		4F4DB6981D9962DB00317088 /* Debug */ = {
			isa = XCBuildConfiguration;
			buildSettings = {
				PRODUCT_NAME = "$(TARGET_NAME)";
			};
			name = Debug;
		};
		4F4DB6991D9962DB00317088 /* Release */ = {
			isa = XCBuildConfiguration;
			buildSettings = {
				PRODUCT_NAME = "$(TARGET_NAME)";
			};
			name = Release;
		};
		71F51E571BA00C2E00DF26AC /* Debug */ = {
			isa = XCBuildConfiguration;
			buildSettings = {
				COMBINE_HIDPI_IMAGES = YES;
				FRAMEWORK_SEARCH_PATHS = (
					"$(DEVELOPER_FRAMEWORKS_DIR)",
					"$(inherited)",
				);
				GCC_C_LANGUAGE_STANDARD = gnu99;
				GCC_PREPROCESSOR_DEFINITIONS = (
					"DEBUG=1",
					"$(inherited)",
				);
				INFOPLIST_FILE = "NIBuildingBlocks Tests/Info.plist";
				LD_RUNPATH_SEARCH_PATHS = "$(inherited) @executable_path/../Frameworks @loader_path/../Frameworks";
				MACOSX_DEPLOYMENT_TARGET = 10.10;
				PRODUCT_BUNDLE_IDENTIFIER = "com.naturalimage.$(PRODUCT_NAME:rfc1034identifier)";
				PRODUCT_NAME = "$(TARGET_NAME)";
			};
			name = Debug;
		};
		71F51E581BA00C2E00DF26AC /* Release */ = {
			isa = XCBuildConfiguration;
			buildSettings = {
				COMBINE_HIDPI_IMAGES = YES;
				FRAMEWORK_SEARCH_PATHS = (
					"$(DEVELOPER_FRAMEWORKS_DIR)",
					"$(inherited)",
				);
				GCC_C_LANGUAGE_STANDARD = gnu99;
				INFOPLIST_FILE = "NIBuildingBlocks Tests/Info.plist";
				LD_RUNPATH_SEARCH_PATHS = "$(inherited) @executable_path/../Frameworks @loader_path/../Frameworks";
				MACOSX_DEPLOYMENT_TARGET = 10.10;
				PRODUCT_BUNDLE_IDENTIFIER = "com.naturalimage.$(PRODUCT_NAME:rfc1034identifier)";
				PRODUCT_NAME = "$(TARGET_NAME)";
			};
			name = Release;
		};
/* End XCBuildConfiguration section */

/* Begin XCConfigurationList section */
		4F151ED51B1CC8D000C8F767 /* Build configuration list for PBXProject "NIBuildingBlocks" */ = {
			isa = XCConfigurationList;
			buildConfigurations = (
				4F151EEF1B1CC8D000C8F767 /* Debug */,
				4F151EF01B1CC8D000C8F767 /* Release */,
			);
			defaultConfigurationIsVisible = 0;
			defaultConfigurationName = Release;
		};
		4F151EF11B1CC8D000C8F767 /* Build configuration list for PBXNativeTarget "NIBuildingBlocks" */ = {
			isa = XCConfigurationList;
			buildConfigurations = (
				4F151EF21B1CC8D000C8F767 /* Debug */,
				4F151EF31B1CC8D000C8F767 /* Release */,
			);
			defaultConfigurationIsVisible = 0;
			defaultConfigurationName = Release;
		};
		4F4DB69A1D9962DB00317088 /* Build configuration list for PBXAggregateTarget "Documentation" */ = {
			isa = XCConfigurationList;
			buildConfigurations = (
				4F4DB6981D9962DB00317088 /* Debug */,
				4F4DB6991D9962DB00317088 /* Release */,
			);
			defaultConfigurationIsVisible = 0;
			defaultConfigurationName = Release;
		};
		71F51E561BA00C2E00DF26AC /* Build configuration list for PBXNativeTarget "NIBuildingBlocks Tests" */ = {
			isa = XCConfigurationList;
			buildConfigurations = (
				71F51E571BA00C2E00DF26AC /* Debug */,
				71F51E581BA00C2E00DF26AC /* Release */,
			);
			defaultConfigurationIsVisible = 0;
			defaultConfigurationName = Release;
		};
/* End XCConfigurationList section */

/* Begin XCVersionGroup section */
		4FCB58171C551C5E00718CCF /* NIStorageModel.xcdatamodeld */ = {
			isa = XCVersionGroup;
			children = (
				4FCB58181C551C5E00718CCF /* NIStorageModel.xcdatamodel */,
			);
			currentVersion = 4FCB58181C551C5E00718CCF /* NIStorageModel.xcdatamodel */;
			path = NIStorageModel.xcdatamodeld;
			sourceTree = "<group>";
			versionGroupType = wrapper.xcdatamodel;
		};
/* End XCVersionGroup section */
	};
	rootObject = 4F151ED21B1CC8D000C8F767 /* Project object */;
}
