// !$*UTF8*$!
{
	archiveVersion = 1;
	classes = {
	};
	objectVersion = 46;
	objects = {

/* Begin PBXFileReference section */
		719D029E1AC1CB25002F76C1 /* DicomSendXMLRPC.osirixplugin */ = {isa = PBXFileReference; explicitFileType = wrapper.cfbundle; includeInIndex = 0; path = DicomSendXMLRPC.osirixplugin; sourceTree = BUILT_PRODUCTS_DIR; };
		719D02A21AC1CB25002F76C1 /* Info.plist */ = {isa = PBXFileReference; lastKnownFileType = text.plist.xml; path = Info.plist; sourceTree = "<group>"; };
/* End PBXFileReference section */

/* Begin PBXFrameworksBuildPhase section */
		719D029B1AC1CB25002F76C1 /* Frameworks */ = {
			isa = PBXFrameworksBuildPhase;
			buildActionMask = 2147483647;
			files = (
			);
			runOnlyForDeploymentPostprocessing = 0;
		};
/* End PBXFrameworksBuildPhase section */

/* Begin PBXGroup section */
		719D02951AC1CB25002F76C1 = {
			isa = PBXGroup;
			children = (
				719D02A01AC1CB25002F76C1 /* DicomSendXMLRPC */,
				719D029F1AC1CB25002F76C1 /* Products */,
			);
			sourceTree = "<group>";
		};
		719D029F1AC1CB25002F76C1 /* Products */ = {
			isa = PBXGroup;
			children = (
				719D029E1AC1CB25002F76C1 /* DicomSendXMLRPC.osirixplugin */,
			);
			name = Products;
			sourceTree = "<group>";
		};
		719D02A01AC1CB25002F76C1 /* DicomSendXMLRPC */ = {
			isa = PBXGroup;
			children = (
				719D02A11AC1CB25002F76C1 /* Supporting Files */,
			);
			path = DicomSendXMLRPC;
			sourceTree = "<group>";
		};
		719D02A11AC1CB25002F76C1 /* Supporting Files */ = {
			isa = PBXGroup;
			children = (
				719D02A21AC1CB25002F76C1 /* Info.plist */,
			);
			name = "Supporting Files";
			sourceTree = "<group>";
		};
/* End PBXGroup section */

/* Begin PBXNativeTarget section */
		719D029D1AC1CB25002F76C1 /* DicomSendXMLRPC */ = {
			isa = PBXNativeTarget;
			buildConfigurationList = 719D02A51AC1CB25002F76C1 /* Build configuration list for PBXNativeTarget "DicomSendXMLRPC" */;
			buildPhases = (
				719D029A1AC1CB25002F76C1 /* Sources */,
				719D029B1AC1CB25002F76C1 /* Frameworks */,
				719D029C1AC1CB25002F76C1 /* Resources */,
			);
			buildRules = (
			);
			dependencies = (
			);
			name = DicomSendXMLRPC;
			productName = DicomSendXMLRPC;
			productReference = 719D029E1AC1CB25002F76C1 /* DicomSendXMLRPC.osirixplugin */;
			productType = "com.apple.product-type.bundle";
		};
/* End PBXNativeTarget section */

/* Begin PBXProject section */
		719D02961AC1CB25002F76C1 /* Project object */ = {
			isa = PBXProject;
			attributes = {
				LastUpgradeCheck = 0620;
				ORGANIZATIONNAME = volz.io;
				TargetAttributes = {
					719D029D1AC1CB25002F76C1 = {
						CreatedOnToolsVersion = 6.2;
					};
				};
			};
			buildConfigurationList = 719D02991AC1CB25002F76C1 /* Build configuration list for PBXProject "DicomSendXMLRPC" */;
			compatibilityVersion = "Xcode 3.2";
			developmentRegion = English;
			hasScannedForEncodings = 0;
			knownRegions = (
				en,
			);
			mainGroup = 719D02951AC1CB25002F76C1;
			productRefGroup = 719D029F1AC1CB25002F76C1 /* Products */;
			projectDirPath = "";
			projectRoot = "";
			targets = (
				719D029D1AC1CB25002F76C1 /* DicomSendXMLRPC */,
			);
		};
/* End PBXProject section */

/* Begin PBXResourcesBuildPhase section */
		719D029C1AC1CB25002F76C1 /* Resources */ = {
			isa = PBXResourcesBuildPhase;
			buildActionMask = 2147483647;
			files = (
			);
			runOnlyForDeploymentPostprocessing = 0;
		};
/* End PBXResourcesBuildPhase section */

/* Begin PBXSourcesBuildPhase section */
		719D029A1AC1CB25002F76C1 /* Sources */ = {
			isa = PBXSourcesBuildPhase;
			buildActionMask = 2147483647;
			files = (
			);
			runOnlyForDeploymentPostprocessing = 0;
		};
/* End PBXSourcesBuildPhase section */

/* Begin XCBuildConfiguration section */
		719D02A31AC1CB25002F76C1 /* Debug */ = {
			isa = XCBuildConfiguration;
			buildSettings = {
				ALWAYS_SEARCH_USER_PATHS = NO;
				CLANG_CXX_LANGUAGE_STANDARD = "gnu++0x";
				CLANG_CXX_LIBRARY = "libc++";
				CLANG_ENABLE_MODULES = YES;
				CLANG_ENABLE_OBJC_ARC = YES;
				CLANG_WARN_BOOL_CONVERSION = YES;
				CLANG_WARN_CONSTANT_CONVERSION = YES;
				CLANG_WARN_DIRECT_OBJC_ISA_USAGE = YES_ERROR;
				CLANG_WARN_EMPTY_BODY = YES;
				CLANG_WARN_ENUM_CONVERSION = YES;
				CLANG_WARN_INT_CONVERSION = YES;
				CLANG_WARN_OBJC_ROOT_CLASS = YES_ERROR;
				CLANG_WARN_UNREACHABLE_CODE = YES;
				CLANG_WARN__DUPLICATE_METHOD_MATCH = YES;
				COPY_PHASE_STRIP = NO;
				ENABLE_STRICT_OBJC_MSGSEND = YES;
				GCC_C_LANGUAGE_STANDARD = gnu99;
				GCC_DYNAMIC_NO_PIC = NO;
				GCC_OPTIMIZATION_LEVEL = 0;
				GCC_PREPROCESSOR_DEFINITIONS = (
					"DEBUG=1",
					"$(inherited)",
				);
				GCC_SYMBOLS_PRIVATE_EXTERN = NO;
				GCC_WARN_64_TO_32_BIT_CONVERSION = YES;
				GCC_WARN_ABOUT_RETURN_TYPE = YES_ERROR;
				GCC_WARN_UNDECLARED_SELECTOR = YES;
				GCC_WARN_UNINITIALIZED_AUTOS = YES_AGGRESSIVE;
				GCC_WARN_UNUSED_FUNCTION = YES;
				GCC_WARN_UNUSED_VARIABLE = YES;
				MACOSX_DEPLOYMENT_TARGET = 10.10;
				MTL_ENABLE_DEBUG_INFO = YES;
				ONLY_ACTIVE_ARCH = YES;
				SDKROOT = macosx;
			};
			name = Debug;
		};
		719D02A41AC1CB25002F76C1 /* Release */ = {
			isa = XCBuildConfiguration;
			buildSettings = {
				ALWAYS_SEARCH_USER_PATHS = NO;
				CLANG_CXX_LANGUAGE_STANDARD = "gnu++0x";
				CLANG_CXX_LIBRARY = "libc++";
				CLANG_ENABLE_MODULES = YES;
				CLANG_ENABLE_OBJC_ARC = YES;
				CLANG_WARN_BOOL_CONVERSION = YES;
				CLANG_WARN_CONSTANT_CONVERSION = YES;
				CLANG_WARN_DIRECT_OBJC_ISA_USAGE = YES_ERROR;
				CLANG_WARN_EMPTY_BODY = YES;
				CLANG_WARN_ENUM_CONVERSION = YES;
				CLANG_WARN_INT_CONVERSION = YES;
				CLANG_WARN_OBJC_ROOT_CLASS = YES_ERROR;
				CLANG_WARN_UNREACHABLE_CODE = YES;
				CLANG_WARN__DUPLICATE_METHOD_MATCH = YES;
				COPY_PHASE_STRIP = NO;
				DEBUG_INFORMATION_FORMAT = "dwarf-with-dsym";
				ENABLE_NS_ASSERTIONS = NO;
				ENABLE_STRICT_OBJC_MSGSEND = YES;
				GCC_C_LANGUAGE_STANDARD = gnu99;
				GCC_WARN_64_TO_32_BIT_CONVERSION = YES;
				GCC_WARN_ABOUT_RETURN_TYPE = YES_ERROR;
				GCC_WARN_UNDECLARED_SELECTOR = YES;
				GCC_WARN_UNINITIALIZED_AUTOS = YES_AGGRESSIVE;
				GCC_WARN_UNUSED_FUNCTION = YES;
				GCC_WARN_UNUSED_VARIABLE = YES;
				MACOSX_DEPLOYMENT_TARGET = 10.10;
				MTL_ENABLE_DEBUG_INFO = NO;
				SDKROOT = macosx;
			};
			name = Release;
		};
		719D02A61AC1CB25002F76C1 /* Debug */ = {
			isa = XCBuildConfiguration;
			buildSettings = {
				COMBINE_HIDPI_IMAGES = YES;
				INFOPLIST_FILE = DicomSendXMLRPC/Info.plist;
				INSTALL_PATH = "$(LOCAL_LIBRARY_DIR)/Bundles";
				PRODUCT_NAME = "$(TARGET_NAME)";
				SKIP_INSTALL = YES;
				WRAPPER_EXTENSION = osirixplugin;
			};
			name = Debug;
		};
		719D02A71AC1CB25002F76C1 /* Release */ = {
			isa = XCBuildConfiguration;
			buildSettings = {
				COMBINE_HIDPI_IMAGES = YES;
				INFOPLIST_FILE = DicomSendXMLRPC/Info.plist;
				INSTALL_PATH = "$(LOCAL_LIBRARY_DIR)/Bundles";
				PRODUCT_NAME = "$(TARGET_NAME)";
				SKIP_INSTALL = YES;
				WRAPPER_EXTENSION = osirixplugin;
			};
			name = Release;
		};
/* End XCBuildConfiguration section */

/* Begin XCConfigurationList section */
		719D02991AC1CB25002F76C1 /* Build configuration list for PBXProject "DicomSendXMLRPC" */ = {
			isa = XCConfigurationList;
			buildConfigurations = (
				719D02A31AC1CB25002F76C1 /* Debug */,
				719D02A41AC1CB25002F76C1 /* Release */,
			);
			defaultConfigurationIsVisible = 0;
			defaultConfigurationName = Release;
		};
		719D02A51AC1CB25002F76C1 /* Build configuration list for PBXNativeTarget "DicomSendXMLRPC" */ = {
			isa = XCConfigurationList;
			buildConfigurations = (
				719D02A61AC1CB25002F76C1 /* Debug */,
				719D02A71AC1CB25002F76C1 /* Release */,
			);
			defaultConfigurationIsVisible = 0;
		};
/* End XCConfigurationList section */
	};
	rootObject = 719D02961AC1CB25002F76C1 /* Project object */;
}
